{
  "version": 4,
  "terraform_version": "1.8.4",
  "serial": 62,
  "lineage": "e191455e-6241-dc8d-0d92-12163e28dd25",
  "outputs": {
    "instance_id": {
      "value": "ocid1.instance.oc1.eu-frankfurt-1.antheljrttkvkkic4xrarsbwmsofa5ibsbzsotilg7qcmnw5344ngif6niza",
      "type": "string"
    },
    "instance_public_ip": {
      "value": "130.61.72.91",
      "type": "string"
    },
    "network_security_group_id": {
      "value": "ocid1.networksecuritygroup.oc1.eu-frankfurt-1.aaaaaaaaxfnvl2pilg5lhlfinjyzj6v7iht3372e7cttlpamqdc2h5gezgca",
      "type": "string"
    },
    "resolved_ad": {
      "value": "NoEK:EU-FRANKFURT-1-AD-1",
      "type": "string"
    },
    "selected_image_id": {
      "value": "ocid1.image.oc1.eu-frankfurt-1.aaaaaaaajovmusdfe7lkfsv3fzzn44ac7t35htmzzmnyaawdl4yznw3xdpfa",
      "type": "string"
    },
    "shape_debug": {
      "value": {
        "memory": 32,
        "ocpus": 2,
        "shape": "VM.Standard.E4.Flex"
      },
      "type": [
        "object",
        {
          "memory": "number",
          "ocpus": "number",
          "shape": "string"
        }
      ]
    },
    "subnet_id": {
      "value": "ocid1.subnet.oc1.eu-frankfurt-1.aaaaaaaa4wqldrvza2x742ctzqrsu5kl2xibbztlezfjivy5b3wx35zmg6kq",
      "type": "string"
    },
    "vcn_id": {
      "value": "ocid1.vcn.oc1.eu-frankfurt-1.amaaaaaattkvkkiamcsa6rdgsahz6mkdhmabz6672mwg66mmk2oumctk42ia",
      "type": "string"
    }
  },
  "resources": [
    {
      "mode": "data",
      "type": "oci_core_images",
      "name": "oracle_linux",
      "provider": "provider[\"registry.terraform.io/oracle/oci\"]",
      "instances": [
        {
          "schema_version": 0,
          "attributes": {
            "compartment_id": "ocid1.tenancy.oc1..aaaaaaaaxzpxbcag7zgamh2erlggqro3y63tvm2rbkkjz4z2zskvagupiz7a",
            "display_name": null,
            "filter": null,
            "id": "CoreImagesDataSource-956492435",
            "images": [
              {
                "agent_features": [],
                "base_image_id": "",
                "billable_size_in_gbs": "4",
                "compartment_id": "",
                "create_image_allowed": true,
                "defined_tags": {},
                "display_name": "Oracle-Linux-10.0-2025.09.16-0",
                "freeform_tags": {},
                "id": "ocid1.image.oc1.eu-frankfurt-1.aaaaaaaajovmusdfe7lkfsv3fzzn44ac7t35htmzzmnyaawdl4yznw3xdpfa",
                "image_source_details": [],
                "instance_id": "",
                "launch_mode": "NATIVE",
                "launch_options": [
                  {
                    "boot_volume_type": "PARAVIRTUALIZED",
                    "firmware": "UEFI_64",
                    "is_consistent_volume_naming_enabled": true,
                    "is_pv_encryption_in_transit_enabled": true,
                    "network_type": "PARAVIRTUALIZED",
                    "remote_data_volume_type": "PARAVIRTUALIZED"
                  }
                ],
                "listing_type": "",
                "operating_system": "Oracle Linux",
                "operating_system_version": "10",
                "size_in_mbs": "47719",
                "state": "AVAILABLE",
                "time_created": "2025-09-24 04:11:45.361 +0000 UTC"
              },
              {
                "agent_features": [],
                "base_image_id": "",
                "billable_size_in_gbs": "5",
                "compartment_id": "",
                "create_image_allowed": true,
                "defined_tags": {},
                "display_name": "Oracle-Linux-9.6-2025.09.16-0",
                "freeform_tags": {},
                "id": "ocid1.image.oc1.eu-frankfurt-1.aaaaaaaa6n45jpagnnbup4rfglrbr6g2wk4mwna72tfnsmxcyor5poevokha",
                "image_source_details": [],
                "instance_id": "",
                "launch_mode": "NATIVE",
                "launch_options": [
                  {
                    "boot_volume_type": "PARAVIRTUALIZED",
                    "firmware": "UEFI_64",
                    "is_consistent_volume_naming_enabled": true,
                    "is_pv_encryption_in_transit_enabled": true,
                    "network_type": "PARAVIRTUALIZED",
                    "remote_data_volume_type": "PARAVIRTUALIZED"
                  }
                ],
                "listing_type": "",
                "operating_system": "Oracle Linux",
                "operating_system_version": "9",
                "size_in_mbs": "47719",
                "state": "AVAILABLE",
                "time_created": "2025-09-24 04:10:21.225 +0000 UTC"
              },
              {
                "agent_features": [],
                "base_image_id": "",
                "billable_size_in_gbs": "6",
                "compartment_id": "",
                "create_image_allowed": true,
                "defined_tags": {},
                "display_name": "Oracle-Linux-8.10-2025.09.16-0",
                "freeform_tags": {},
                "id": "ocid1.image.oc1.eu-frankfurt-1.aaaaaaaahg3sxtxdzaxgsupjsrl6tflmd7qcwezp6t7gh4a2axt7sli725nq",
                "image_source_details": [],
                "instance_id": "",
                "launch_mode": "NATIVE",
                "launch_options": [
                  {
                    "boot_volume_type": "PARAVIRTUALIZED",
                    "firmware": "UEFI_64",
                    "is_consistent_volume_naming_enabled": true,
                    "is_pv_encryption_in_transit_enabled": true,
                    "network_type": "PARAVIRTUALIZED",
                    "remote_data_volume_type": "PARAVIRTUALIZED"
                  }
                ],
                "listing_type": "",
                "operating_system": "Oracle Linux",
                "operating_system_version": "8",
                "size_in_mbs": "47719",
                "state": "AVAILABLE",
                "time_created": "2025-09-24 04:09:27.693 +0000 UTC"
              },
              {
                "agent_features": [],
                "base_image_id": "",
                "billable_size_in_gbs": "4",
                "compartment_id": "",
                "create_image_allowed": true,
                "defined_tags": {},
                "display_name": "Oracle-Linux-10.0-2025.08.31-0",
                "freeform_tags": {},
                "id": "ocid1.image.oc1.eu-frankfurt-1.aaaaaaaamynbcon5tkzau3qic2tedyibolpy6xyvnotemwwjtzfguo4t3fga",
                "image_source_details": [],
                "instance_id": "",
                "launch_mode": "NATIVE",
                "launch_options": [
                  {
                    "boot_volume_type": "PARAVIRTUALIZED",
                    "firmware": "UEFI_64",
                    "is_consistent_volume_naming_enabled": true,
                    "is_pv_encryption_in_transit_enabled": true,
                    "network_type": "PARAVIRTUALIZED",
                    "remote_data_volume_type": "PARAVIRTUALIZED"
                  }
                ],
                "listing_type": "",
                "operating_system": "Oracle Linux",
                "operating_system_version": "10",
                "size_in_mbs": "47719",
                "state": "AVAILABLE",
                "time_created": "2025-09-03 04:03:22.723 +0000 UTC"
              },
              {
                "agent_features": [],
                "base_image_id": "",
                "billable_size_in_gbs": "5",
                "compartment_id": "",
                "create_image_allowed": true,
                "defined_tags": {},
                "display_name": "Oracle-Linux-9.6-2025.08.31-0",
                "freeform_tags": {},
                "id": "ocid1.image.oc1.eu-frankfurt-1.aaaaaaaaytdpuid2ymfuej2avsgpgr5cqecthesctvoruvmhd2thyte5mpda",
                "image_source_details": [],
                "instance_id": "",
                "launch_mode": "NATIVE",
                "launch_options": [
                  {
                    "boot_volume_type": "PARAVIRTUALIZED",
                    "firmware": "UEFI_64",
                    "is_consistent_volume_naming_enabled": true,
                    "is_pv_encryption_in_transit_enabled": true,
                    "network_type": "PARAVIRTUALIZED",
                    "remote_data_volume_type": "PARAVIRTUALIZED"
                  }
                ],
                "listing_type": "",
                "operating_system": "Oracle Linux",
                "operating_system_version": "9",
                "size_in_mbs": "47719",
                "state": "AVAILABLE",
                "time_created": "2025-09-03 04:03:13.623 +0000 UTC"
              },
              {
                "agent_features": [],
                "base_image_id": "",
                "billable_size_in_gbs": "6",
                "compartment_id": "",
                "create_image_allowed": true,
                "defined_tags": {},
                "display_name": "Oracle-Linux-8.10-2025.08.31-0",
                "freeform_tags": {},
                "id": "ocid1.image.oc1.eu-frankfurt-1.aaaaaaaa63liqeyszqrq6btijrlzbeexdnomksm5abbqqdk2ffpfc3zgcgsq",
                "image_source_details": [],
                "instance_id": "",
                "launch_mode": "NATIVE",
                "launch_options": [
                  {
                    "boot_volume_type": "PARAVIRTUALIZED",
                    "firmware": "UEFI_64",
                    "is_consistent_volume_naming_enabled": true,
                    "is_pv_encryption_in_transit_enabled": true,
                    "network_type": "PARAVIRTUALIZED",
                    "remote_data_volume_type": "PARAVIRTUALIZED"
                  }
                ],
                "listing_type": "",
                "operating_system": "Oracle Linux",
                "operating_system_version": "8",
                "size_in_mbs": "47719",
                "state": "AVAILABLE",
                "time_created": "2025-09-03 04:03:06.705 +0000 UTC"
              },
              {
                "agent_features": [],
                "base_image_id": "",
                "billable_size_in_gbs": "5",
                "compartment_id": "",
                "create_image_allowed": true,
                "defined_tags": {},
                "display_name": "Oracle-Linux-9.6-2025.07.31-2",
                "freeform_tags": {},
                "id": "ocid1.image.oc1.eu-frankfurt-1.aaaaaaaayjj4bygdzeirjsevmaohlda6wviln7lofbrptj64od3qnc7vw5ba",
                "image_source_details": [],
                "instance_id": "",
                "launch_mode": "NATIVE",
                "launch_options": [
                  {
                    "boot_volume_type": "PARAVIRTUALIZED",
                    "firmware": "UEFI_64",
                    "is_consistent_volume_naming_enabled": true,
                    "is_pv_encryption_in_transit_enabled": true,
                    "network_type": "PARAVIRTUALIZED",
                    "remote_data_volume_type": "PARAVIRTUALIZED"
                  }
                ],
                "listing_type": "",
                "operating_system": "Oracle Linux",
                "operating_system_version": "9",
                "size_in_mbs": "47719",
                "state": "AVAILABLE",
                "time_created": "2025-08-26 03:33:10.73 +0000 UTC"
              },
              {
                "agent_features": [],
                "base_image_id": "",
                "billable_size_in_gbs": "6",
                "compartment_id": "",
                "create_image_allowed": true,
                "defined_tags": {},
                "display_name": "Oracle-Linux-8.10-2025.07.31-0",
                "freeform_tags": {},
                "id": "ocid1.image.oc1.eu-frankfurt-1.aaaaaaaaekraczixxykpt54i7ltblmnhwbgvajdb4oqg6ybj5kn4b6pcvimq",
                "image_source_details": [],
                "instance_id": "",
                "launch_mode": "NATIVE",
                "launch_options": [
                  {
                    "boot_volume_type": "PARAVIRTUALIZED",
                    "firmware": "UEFI_64",
                    "is_consistent_volume_naming_enabled": true,
                    "is_pv_encryption_in_transit_enabled": true,
                    "network_type": "PARAVIRTUALIZED",
                    "remote_data_volume_type": "PARAVIRTUALIZED"
                  }
                ],
                "listing_type": "",
                "operating_system": "Oracle Linux",
                "operating_system_version": "8",
                "size_in_mbs": "47719",
                "state": "AVAILABLE",
                "time_created": "2025-08-26 03:30:20.745 +0000 UTC"
              },
              {
                "agent_features": [],
                "base_image_id": "",
                "billable_size_in_gbs": "4",
                "compartment_id": "",
                "create_image_allowed": true,
                "defined_tags": {},
                "display_name": "Oracle-Linux-10.0-2025.07.31-2",
                "freeform_tags": {},
                "id": "ocid1.image.oc1.eu-frankfurt-1.aaaaaaaaqc47fxw5qlxbvf5iodpko4ram56cmmgaqtabpi5wf5vvufs7p3pq",
                "image_source_details": [],
                "instance_id": "",
                "launch_mode": "NATIVE",
                "launch_options": [
                  {
                    "boot_volume_type": "PARAVIRTUALIZED",
                    "firmware": "UEFI_64",
                    "is_consistent_volume_naming_enabled": true,
                    "is_pv_encryption_in_transit_enabled": true,
                    "network_type": "PARAVIRTUALIZED",
                    "remote_data_volume_type": "PARAVIRTUALIZED"
                  }
                ],
                "listing_type": "",
                "operating_system": "Oracle Linux",
                "operating_system_version": "10",
                "size_in_mbs": "47719",
                "state": "AVAILABLE",
                "time_created": "2025-08-26 02:56:59.461 +0000 UTC"
              },
              {
                "agent_features": [],
                "base_image_id": "",
                "billable_size_in_gbs": "5",
                "compartment_id": "",
                "create_image_allowed": true,
                "defined_tags": {},
                "display_name": "Oracle-Linux-7.9-2025.07.21-0",
                "freeform_tags": {},
                "id": "ocid1.image.oc1.eu-frankfurt-1.aaaaaaaavliasj4nspjrzbiqi6dg75coav5f2ucvkas3obgbkw2ze4r7jo7q",
                "image_source_details": [],
                "instance_id": "",
                "launch_mode": "NATIVE",
                "launch_options": [
                  {
                    "boot_volume_type": "PARAVIRTUALIZED",
                    "firmware": "UEFI_64",
                    "is_consistent_volume_naming_enabled": true,
                    "is_pv_encryption_in_transit_enabled": true,
                    "network_type": "PARAVIRTUALIZED",
                    "remote_data_volume_type": "PARAVIRTUALIZED"
                  }
                ],
                "listing_type": "",
                "operating_system": "Oracle Linux",
                "operating_system_version": "7.9",
                "size_in_mbs": "47694",
                "state": "AVAILABLE",
                "time_created": "2025-07-25 07:00:42.95 +0000 UTC"
              },
              {
                "agent_features": [],
                "base_image_id": "",
                "billable_size_in_gbs": "3",
                "compartment_id": "",
                "create_image_allowed": true,
                "defined_tags": {},
                "display_name": "Oracle-Linux-9.6-Minimal-2025.06.30-0",
                "freeform_tags": {},
                "id": "ocid1.image.oc1.eu-frankfurt-1.aaaaaaaazaiamjdekv2lfasnww2qlzwk556ljq5v6swjxdufdkh5gmixgeaq",
                "image_source_details": [],
                "instance_id": "",
                "launch_mode": "NATIVE",
                "launch_options": [
                  {
                    "boot_volume_type": "PARAVIRTUALIZED",
                    "firmware": "UEFI_64",
                    "is_consistent_volume_naming_enabled": true,
                    "is_pv_encryption_in_transit_enabled": true,
                    "network_type": "PARAVIRTUALIZED",
                    "remote_data_volume_type": "PARAVIRTUALIZED"
                  }
                ],
                "listing_type": "",
                "operating_system": "Oracle Linux",
                "operating_system_version": "9 Minimal",
                "size_in_mbs": "47719",
                "state": "AVAILABLE",
                "time_created": "2025-07-10 05:26:13.092 +0000 UTC"
              },
              {
                "agent_features": [],
                "base_image_id": "",
                "billable_size_in_gbs": "5",
                "compartment_id": "",
                "create_image_allowed": true,
                "defined_tags": {},
                "display_name": "Oracle-Linux-7.9-2025.04.16-0",
                "freeform_tags": {},
                "id": "ocid1.image.oc1.eu-frankfurt-1.aaaaaaaaxejmji2lr5oeagc6ilvr2dxao4ewaq7ilkzzsuejc65rvfx3ixvq",
                "image_source_details": [],
                "instance_id": "",
                "launch_mode": "NATIVE",
                "launch_options": [
                  {
                    "boot_volume_type": "PARAVIRTUALIZED",
                    "firmware": "UEFI_64",
                    "is_consistent_volume_naming_enabled": true,
                    "is_pv_encryption_in_transit_enabled": true,
                    "network_type": "PARAVIRTUALIZED",
                    "remote_data_volume_type": "PARAVIRTUALIZED"
                  }
                ],
                "listing_type": "",
                "operating_system": "Oracle Linux",
                "operating_system_version": "7.9",
                "size_in_mbs": "47694",
                "state": "AVAILABLE",
                "time_created": "2025-04-24 06:39:12.836 +0000 UTC"
              },
              {
                "agent_features": [],
                "base_image_id": "",
                "billable_size_in_gbs": "3",
                "compartment_id": "",
                "create_image_allowed": true,
                "defined_tags": {},
                "display_name": "Oracle-Linux-9.5-Minimal-2025.01.31-0",
                "freeform_tags": {},
                "id": "ocid1.image.oc1.eu-frankfurt-1.aaaaaaaajyuervg37unk77pgdbuwhjllcc6keoydn37oj2ycqpdcbce2eula",
                "image_source_details": [],
                "instance_id": "",
                "launch_mode": "NATIVE",
                "launch_options": [
                  {
                    "boot_volume_type": "PARAVIRTUALIZED",
                    "firmware": "UEFI_64",
                    "is_consistent_volume_naming_enabled": true,
                    "is_pv_encryption_in_transit_enabled": true,
                    "network_type": "PARAVIRTUALIZED",
                    "remote_data_volume_type": "PARAVIRTUALIZED"
                  }
                ],
                "listing_type": "",
                "operating_system": "Oracle Linux",
                "operating_system_version": "9 Minimal",
                "size_in_mbs": "47719",
                "state": "AVAILABLE",
                "time_created": "2025-02-13 08:53:27.165 +0000 UTC"
              },
              {
                "agent_features": [],
                "base_image_id": "",
                "billable_size_in_gbs": "5",
                "compartment_id": "",
                "create_image_allowed": true,
                "defined_tags": {},
                "display_name": "Oracle-Linux-7.9-2025.01.31-0",
                "freeform_tags": {},
                "id": "ocid1.image.oc1.eu-frankfurt-1.aaaaaaaabp5nsbzluz7iwrjiy43nuv4etwd5daznf4u7jdfktlqh66ww3lzq",
                "image_source_details": [],
                "instance_id": "",
                "launch_mode": "NATIVE",
                "launch_options": [
                  {
                    "boot_volume_type": "PARAVIRTUALIZED",
                    "firmware": "UEFI_64",
                    "is_consistent_volume_naming_enabled": true,
                    "is_pv_encryption_in_transit_enabled": true,
                    "network_type": "PARAVIRTUALIZED",
                    "remote_data_volume_type": "PARAVIRTUALIZED"
                  }
                ],
                "listing_type": "",
                "operating_system": "Oracle Linux",
                "operating_system_version": "7.9",
                "size_in_mbs": "47694",
                "state": "AVAILABLE",
                "time_created": "2025-02-13 08:52:53.715 +0000 UTC"
              },
              {
                "agent_features": [],
                "base_image_id": "",
                "billable_size_in_gbs": "3",
                "compartment_id": "",
                "create_image_allowed": true,
                "defined_tags": {},
                "display_name": "Oracle-Linux-9.4-Minimal-2024.09.30-0",
                "freeform_tags": {},
                "id": "ocid1.image.oc1.eu-frankfurt-1.aaaaaaaagqjvwzbdxts2facar5fqw3bf4mgfwcovwhh7pvkubood6h4lfqia",
                "image_source_details": [],
                "instance_id": "",
                "launch_mode": "NATIVE",
                "launch_options": [
                  {
                    "boot_volume_type": "PARAVIRTUALIZED",
                    "firmware": "UEFI_64",
                    "is_consistent_volume_naming_enabled": true,
                    "is_pv_encryption_in_transit_enabled": true,
                    "network_type": "PARAVIRTUALIZED",
                    "remote_data_volume_type": "PARAVIRTUALIZED"
                  }
                ],
                "listing_type": "",
                "operating_system": "Oracle Linux",
                "operating_system_version": "9 Minimal",
                "size_in_mbs": "47719",
                "state": "AVAILABLE",
                "time_created": "2024-10-12 04:35:46.162 +0000 UTC"
              }
            ],
            "operating_system": "Oracle Linux",
            "operating_system_version": null,
            "shape": "VM.Standard.E4.Flex",
            "sort_by": "TIMECREATED",
            "sort_order": "DESC",
            "state": null
          },
          "sensitive_attributes": []
        }
      ]
    },
    {
      "mode": "data",
      "type": "oci_core_images",
      "name": "oracle_linux_anyshape",
      "provider": "provider[\"registry.terraform.io/oracle/oci\"]",
      "instances": [
        {
          "schema_version": 0,
          "attributes": {
            "compartment_id": "ocid1.tenancy.oc1..aaaaaaaaxzpxbcag7zgamh2erlggqro3y63tvm2rbkkjz4z2zskvagupiz7a",
            "display_name": null,
            "filter": null,
            "id": "CoreImagesDataSource-154930501",
            "images": [
              {
                "agent_features": [],
                "base_image_id": "",
                "billable_size_in_gbs": "26",
                "compartment_id": "",
                "create_image_allowed": true,
                "defined_tags": {},
                "display_name": "Oracle-Linux-8.10-Gen2-AMD-GPU-2025.08.31-0",
                "freeform_tags": {},
                "id": "ocid1.image.oc1.eu-frankfurt-1.aaaaaaaazbpmhjwwv7ss6gxh2vmmffsdpdod2pcc4lnyyagclpe43rvbkngq",
                "image_source_details": [],
                "instance_id": "",
                "launch_mode": "NATIVE",
                "launch_options": [
                  {
                    "boot_volume_type": "PARAVIRTUALIZED",
                    "firmware": "UEFI_64",
                    "is_consistent_volume_naming_enabled": true,
                    "is_pv_encryption_in_transit_enabled": true,
                    "network_type": "PARAVIRTUALIZED",
                    "remote_data_volume_type": "PARAVIRTUALIZED"
                  }
                ],
                "listing_type": "",
                "operating_system": "Oracle Linux",
                "operating_system_version": "8",
                "size_in_mbs": "47719",
                "state": "AVAILABLE",
                "time_created": "2025-10-08 20:49:07.016 +0000 UTC"
              },
              {
                "agent_features": [],
                "base_image_id": "",
                "billable_size_in_gbs": "17",
                "compartment_id": "",
                "create_image_allowed": true,
                "defined_tags": {},
                "display_name": "Oracle-Linux-9.6-Gen2-GPU-2025.09.16-0",
                "freeform_tags": {},
                "id": "ocid1.image.oc1.eu-frankfurt-1.aaaaaaaavctjfqsm4e7wv2lzj6l6o2iwig74ialqoos36wsdx6d2gsirnmna",
                "image_source_details": [],
                "instance_id": "",
                "launch_mode": "NATIVE",
                "launch_options": [
                  {
                    "boot_volume_type": "PARAVIRTUALIZED",
                    "firmware": "UEFI_64",
                    "is_consistent_volume_naming_enabled": true,
                    "is_pv_encryption_in_transit_enabled": true,
                    "network_type": "PARAVIRTUALIZED",
                    "remote_data_volume_type": "PARAVIRTUALIZED"
                  }
                ],
                "listing_type": "",
                "operating_system": "Oracle Linux",
                "operating_system_version": "9",
                "size_in_mbs": "47719",
                "state": "AVAILABLE",
                "time_created": "2025-09-24 04:13:19.219 +0000 UTC"
              },
              {
                "agent_features": [],
                "base_image_id": "",
                "billable_size_in_gbs": "4",
                "compartment_id": "",
                "create_image_allowed": true,
                "defined_tags": {},
                "display_name": "Oracle-Linux-10.0-aarch64-2025.09.16-0",
                "freeform_tags": {},
                "id": "ocid1.image.oc1.eu-frankfurt-1.aaaaaaaa2zqqk4knb23y3gy6z3bogftf3yzsjsgneglr6i63vhcd5b6wwe6q",
                "image_source_details": [],
                "instance_id": "",
                "launch_mode": "NATIVE",
                "launch_options": [
                  {
                    "boot_volume_type": "PARAVIRTUALIZED",
                    "firmware": "UEFI_64",
                    "is_consistent_volume_naming_enabled": true,
                    "is_pv_encryption_in_transit_enabled": true,
                    "network_type": "PARAVIRTUALIZED",
                    "remote_data_volume_type": "PARAVIRTUALIZED"
                  }
                ],
                "listing_type": "",
                "operating_system": "Oracle Linux",
                "operating_system_version": "10",
                "size_in_mbs": "47719",
                "state": "AVAILABLE",
                "time_created": "2025-09-24 04:12:41.344 +0000 UTC"
              },
              {
                "agent_features": [],
                "base_image_id": "",
                "billable_size_in_gbs": "4",
                "compartment_id": "",
                "create_image_allowed": true,
                "defined_tags": {},
                "display_name": "Oracle-Linux-10.0-2025.09.16-0",
                "freeform_tags": {},
                "id": "ocid1.image.oc1.eu-frankfurt-1.aaaaaaaajovmusdfe7lkfsv3fzzn44ac7t35htmzzmnyaawdl4yznw3xdpfa",
                "image_source_details": [],
                "instance_id": "",
                "launch_mode": "NATIVE",
                "launch_options": [
                  {
                    "boot_volume_type": "PARAVIRTUALIZED",
                    "firmware": "UEFI_64",
                    "is_consistent_volume_naming_enabled": true,
                    "is_pv_encryption_in_transit_enabled": true,
                    "network_type": "PARAVIRTUALIZED",
                    "remote_data_volume_type": "PARAVIRTUALIZED"
                  }
                ],
                "listing_type": "",
                "operating_system": "Oracle Linux",
                "operating_system_version": "10",
                "size_in_mbs": "47719",
                "state": "AVAILABLE",
                "time_created": "2025-09-24 04:11:45.361 +0000 UTC"
              },
              {
                "agent_features": [],
                "base_image_id": "",
                "billable_size_in_gbs": "5",
                "compartment_id": "",
                "create_image_allowed": true,
                "defined_tags": {},
                "display_name": "Oracle-Linux-9.6-2025.09.16-0",
                "freeform_tags": {},
                "id": "ocid1.image.oc1.eu-frankfurt-1.aaaaaaaa6n45jpagnnbup4rfglrbr6g2wk4mwna72tfnsmxcyor5poevokha",
                "image_source_details": [],
                "instance_id": "",
                "launch_mode": "NATIVE",
                "launch_options": [
                  {
                    "boot_volume_type": "PARAVIRTUALIZED",
                    "firmware": "UEFI_64",
                    "is_consistent_volume_naming_enabled": true,
                    "is_pv_encryption_in_transit_enabled": true,
                    "network_type": "PARAVIRTUALIZED",
                    "remote_data_volume_type": "PARAVIRTUALIZED"
                  }
                ],
                "listing_type": "",
                "operating_system": "Oracle Linux",
                "operating_system_version": "9",
                "size_in_mbs": "47719",
                "state": "AVAILABLE",
                "time_created": "2025-09-24 04:10:21.225 +0000 UTC"
              },
              {
                "agent_features": [],
                "base_image_id": "",
                "billable_size_in_gbs": "5",
                "compartment_id": "",
                "create_image_allowed": true,
                "defined_tags": {},
                "display_name": "Oracle-Linux-9.6-aarch64-2025.09.16-0",
                "freeform_tags": {},
                "id": "ocid1.image.oc1.eu-frankfurt-1.aaaaaaaalrgdrwmkpxxin7n63n6wv24dwafh444hh4az2wsq5czqli7ik6xq",
                "image_source_details": [],
                "instance_id": "",
                "launch_mode": "NATIVE",
                "launch_options": [
                  {
                    "boot_volume_type": "PARAVIRTUALIZED",
                    "firmware": "UEFI_64",
                    "is_consistent_volume_naming_enabled": true,
                    "is_pv_encryption_in_transit_enabled": true,
                    "network_type": "PARAVIRTUALIZED",
                    "remote_data_volume_type": "PARAVIRTUALIZED"
                  }
                ],
                "listing_type": "",
                "operating_system": "Oracle Linux",
                "operating_system_version": "9",
                "size_in_mbs": "47719",
                "state": "AVAILABLE",
                "time_created": "2025-09-24 04:10:07.011 +0000 UTC"
              },
              {
                "agent_features": [],
                "base_image_id": "",
                "billable_size_in_gbs": "17",
                "compartment_id": "",
                "create_image_allowed": true,
                "defined_tags": {},
                "display_name": "Oracle-Linux-8.10-Gen2-GPU-2025.09.16-0",
                "freeform_tags": {},
                "id": "ocid1.image.oc1.eu-frankfurt-1.aaaaaaaasv3oxwmzc5ozjhug6otlacncccawuf6k5suao47w5iaatd6qz3pa",
                "image_source_details": [],
                "instance_id": "",
                "launch_mode": "NATIVE",
                "launch_options": [
                  {
                    "boot_volume_type": "PARAVIRTUALIZED",
                    "firmware": "UEFI_64",
                    "is_consistent_volume_naming_enabled": true,
                    "is_pv_encryption_in_transit_enabled": true,
                    "network_type": "PARAVIRTUALIZED",
                    "remote_data_volume_type": "PARAVIRTUALIZED"
                  }
                ],
                "listing_type": "",
                "operating_system": "Oracle Linux",
                "operating_system_version": "8",
                "size_in_mbs": "47719",
                "state": "AVAILABLE",
                "time_created": "2025-09-24 04:09:54.995 +0000 UTC"
              },
              {
                "agent_features": [],
                "base_image_id": "",
                "billable_size_in_gbs": "6",
                "compartment_id": "",
                "create_image_allowed": true,
                "defined_tags": {},
                "display_name": "Oracle-Linux-8.10-aarch64-2025.09.16-0",
                "freeform_tags": {},
                "id": "ocid1.image.oc1.eu-frankfurt-1.aaaaaaaapbp4hdlf6xlfhzhc43ebgapapkhxafrk3b2agy3klskbsjq2x7oa",
                "image_source_details": [],
                "instance_id": "",
                "launch_mode": "NATIVE",
                "launch_options": [
                  {
                    "boot_volume_type": "PARAVIRTUALIZED",
                    "firmware": "UEFI_64",
                    "is_consistent_volume_naming_enabled": true,
                    "is_pv_encryption_in_transit_enabled": true,
                    "network_type": "PARAVIRTUALIZED",
                    "remote_data_volume_type": "PARAVIRTUALIZED"
                  }
                ],
                "listing_type": "",
                "operating_system": "Oracle Linux",
                "operating_system_version": "8",
                "size_in_mbs": "47719",
                "state": "AVAILABLE",
                "time_created": "2025-09-24 04:09:30.655 +0000 UTC"
              },
              {
                "agent_features": [],
                "base_image_id": "",
                "billable_size_in_gbs": "6",
                "compartment_id": "",
                "create_image_allowed": true,
                "defined_tags": {},
                "display_name": "Oracle-Linux-8.10-2025.09.16-0",
                "freeform_tags": {},
                "id": "ocid1.image.oc1.eu-frankfurt-1.aaaaaaaahg3sxtxdzaxgsupjsrl6tflmd7qcwezp6t7gh4a2axt7sli725nq",
                "image_source_details": [],
                "instance_id": "",
                "launch_mode": "NATIVE",
                "launch_options": [
                  {
                    "boot_volume_type": "PARAVIRTUALIZED",
                    "firmware": "UEFI_64",
                    "is_consistent_volume_naming_enabled": true,
                    "is_pv_encryption_in_transit_enabled": true,
                    "network_type": "PARAVIRTUALIZED",
                    "remote_data_volume_type": "PARAVIRTUALIZED"
                  }
                ],
                "listing_type": "",
                "operating_system": "Oracle Linux",
                "operating_system_version": "8",
                "size_in_mbs": "47719",
                "state": "AVAILABLE",
                "time_created": "2025-09-24 04:09:27.693 +0000 UTC"
              },
              {
                "agent_features": [],
                "base_image_id": "",
                "billable_size_in_gbs": "4",
                "compartment_id": "",
                "create_image_allowed": true,
                "defined_tags": {},
                "display_name": "Oracle-Linux-10.0-aarch64-2025.08.31-0",
                "freeform_tags": {},
                "id": "ocid1.image.oc1.eu-frankfurt-1.aaaaaaaasioayw5tt627xdunmtlpyfa6knirv3nsfoipsjag5exqjj3ph4wq",
                "image_source_details": [],
                "instance_id": "",
                "launch_mode": "NATIVE",
                "launch_options": [
                  {
                    "boot_volume_type": "PARAVIRTUALIZED",
                    "firmware": "UEFI_64",
                    "is_consistent_volume_naming_enabled": true,
                    "is_pv_encryption_in_transit_enabled": true,
                    "network_type": "PARAVIRTUALIZED",
                    "remote_data_volume_type": "PARAVIRTUALIZED"
                  }
                ],
                "listing_type": "",
                "operating_system": "Oracle Linux",
                "operating_system_version": "10",
                "size_in_mbs": "47719",
                "state": "AVAILABLE",
                "time_created": "2025-09-03 04:06:28.973 +0000 UTC"
              },
              {
                "agent_features": [],
                "base_image_id": "",
                "billable_size_in_gbs": "19",
                "compartment_id": "",
                "create_image_allowed": true,
                "defined_tags": {},
                "display_name": "Oracle-Linux-9.6-Gen2-GPU-2025.08.31-0",
                "freeform_tags": {},
                "id": "ocid1.image.oc1.eu-frankfurt-1.aaaaaaaa7n4htxsu3yky7i43lpb2xuurxjo6mpvt6xi4u2gvpznihb7xxkva",
                "image_source_details": [],
                "instance_id": "",
                "launch_mode": "NATIVE",
                "launch_options": [
                  {
                    "boot_volume_type": "PARAVIRTUALIZED",
                    "firmware": "UEFI_64",
                    "is_consistent_volume_naming_enabled": true,
                    "is_pv_encryption_in_transit_enabled": true,
                    "network_type": "PARAVIRTUALIZED",
                    "remote_data_volume_type": "PARAVIRTUALIZED"
                  }
                ],
                "listing_type": "",
                "operating_system": "Oracle Linux",
                "operating_system_version": "9",
                "size_in_mbs": "47719",
                "state": "AVAILABLE",
                "time_created": "2025-09-03 04:04:44.383 +0000 UTC"
              },
              {
                "agent_features": [],
                "base_image_id": "",
                "billable_size_in_gbs": "5",
                "compartment_id": "",
                "create_image_allowed": true,
                "defined_tags": {},
                "display_name": "Oracle-Linux-9.6-aarch64-2025.08.31-0",
                "freeform_tags": {},
                "id": "ocid1.image.oc1.eu-frankfurt-1.aaaaaaaaa33o54javaysebvmgwgcjzkwqj6iniljplyv2bo55dnlqo5csj3q",
                "image_source_details": [],
                "instance_id": "",
                "launch_mode": "NATIVE",
                "launch_options": [
                  {
                    "boot_volume_type": "PARAVIRTUALIZED",
                    "firmware": "UEFI_64",
                    "is_consistent_volume_naming_enabled": true,
                    "is_pv_encryption_in_transit_enabled": true,
                    "network_type": "PARAVIRTUALIZED",
                    "remote_data_volume_type": "PARAVIRTUALIZED"
                  }
                ],
                "listing_type": "",
                "operating_system": "Oracle Linux",
                "operating_system_version": "9",
                "size_in_mbs": "47719",
                "state": "AVAILABLE",
                "time_created": "2025-09-03 04:04:23.118 +0000 UTC"
              },
              {
                "agent_features": [],
                "base_image_id": "",
                "billable_size_in_gbs": "6",
                "compartment_id": "",
                "create_image_allowed": true,
                "defined_tags": {},
                "display_name": "Oracle-Linux-8.10-aarch64-2025.08.31-0",
                "freeform_tags": {},
                "id": "ocid1.image.oc1.eu-frankfurt-1.aaaaaaaas6szggxbmvcu6s7i3li5jialqoqsaox2f52vywbuyk5zhfsqvbga",
                "image_source_details": [],
                "instance_id": "",
                "launch_mode": "NATIVE",
                "launch_options": [
                  {
                    "boot_volume_type": "PARAVIRTUALIZED",
                    "firmware": "UEFI_64",
                    "is_consistent_volume_naming_enabled": true,
                    "is_pv_encryption_in_transit_enabled": true,
                    "network_type": "PARAVIRTUALIZED",
                    "remote_data_volume_type": "PARAVIRTUALIZED"
                  }
                ],
                "listing_type": "",
                "operating_system": "Oracle Linux",
                "operating_system_version": "8",
                "size_in_mbs": "47719",
                "state": "AVAILABLE",
                "time_created": "2025-09-03 04:03:34.93 +0000 UTC"
              },
              {
                "agent_features": [],
                "base_image_id": "",
                "billable_size_in_gbs": "4",
                "compartment_id": "",
                "create_image_allowed": true,
                "defined_tags": {},
                "display_name": "Oracle-Linux-10.0-2025.08.31-0",
                "freeform_tags": {},
                "id": "ocid1.image.oc1.eu-frankfurt-1.aaaaaaaamynbcon5tkzau3qic2tedyibolpy6xyvnotemwwjtzfguo4t3fga",
                "image_source_details": [],
                "instance_id": "",
                "launch_mode": "NATIVE",
                "launch_options": [
                  {
                    "boot_volume_type": "PARAVIRTUALIZED",
                    "firmware": "UEFI_64",
                    "is_consistent_volume_naming_enabled": true,
                    "is_pv_encryption_in_transit_enabled": true,
                    "network_type": "PARAVIRTUALIZED",
                    "remote_data_volume_type": "PARAVIRTUALIZED"
                  }
                ],
                "listing_type": "",
                "operating_system": "Oracle Linux",
                "operating_system_version": "10",
                "size_in_mbs": "47719",
                "state": "AVAILABLE",
                "time_created": "2025-09-03 04:03:22.723 +0000 UTC"
              },
              {
                "agent_features": [],
                "base_image_id": "",
                "billable_size_in_gbs": "5",
                "compartment_id": "",
                "create_image_allowed": true,
                "defined_tags": {},
                "display_name": "Oracle-Linux-9.6-2025.08.31-0",
                "freeform_tags": {},
                "id": "ocid1.image.oc1.eu-frankfurt-1.aaaaaaaaytdpuid2ymfuej2avsgpgr5cqecthesctvoruvmhd2thyte5mpda",
                "image_source_details": [],
                "instance_id": "",
                "launch_mode": "NATIVE",
                "launch_options": [
                  {
                    "boot_volume_type": "PARAVIRTUALIZED",
                    "firmware": "UEFI_64",
                    "is_consistent_volume_naming_enabled": true,
                    "is_pv_encryption_in_transit_enabled": true,
                    "network_type": "PARAVIRTUALIZED",
                    "remote_data_volume_type": "PARAVIRTUALIZED"
                  }
                ],
                "listing_type": "",
                "operating_system": "Oracle Linux",
                "operating_system_version": "9",
                "size_in_mbs": "47719",
                "state": "AVAILABLE",
                "time_created": "2025-09-03 04:03:13.623 +0000 UTC"
              },
              {
                "agent_features": [],
                "base_image_id": "",
                "billable_size_in_gbs": "6",
                "compartment_id": "",
                "create_image_allowed": true,
                "defined_tags": {},
                "display_name": "Oracle-Linux-8.10-2025.08.31-0",
                "freeform_tags": {},
                "id": "ocid1.image.oc1.eu-frankfurt-1.aaaaaaaa63liqeyszqrq6btijrlzbeexdnomksm5abbqqdk2ffpfc3zgcgsq",
                "image_source_details": [],
                "instance_id": "",
                "launch_mode": "NATIVE",
                "launch_options": [
                  {
                    "boot_volume_type": "PARAVIRTUALIZED",
                    "firmware": "UEFI_64",
                    "is_consistent_volume_naming_enabled": true,
                    "is_pv_encryption_in_transit_enabled": true,
                    "network_type": "PARAVIRTUALIZED",
                    "remote_data_volume_type": "PARAVIRTUALIZED"
                  }
                ],
                "listing_type": "",
                "operating_system": "Oracle Linux",
                "operating_system_version": "8",
                "size_in_mbs": "47719",
                "state": "AVAILABLE",
                "time_created": "2025-09-03 04:03:06.705 +0000 UTC"
              },
              {
                "agent_features": [],
                "base_image_id": "",
                "billable_size_in_gbs": "19",
                "compartment_id": "",
                "create_image_allowed": true,
                "defined_tags": {},
                "display_name": "Oracle-Linux-8.10-Gen2-GPU-2025.08.31-0",
                "freeform_tags": {},
                "id": "ocid1.image.oc1.eu-frankfurt-1.aaaaaaaarbsqnsvucj366yn36ttbdjxs3pdg6vgviauw7vr7uofyx7bw7lza",
                "image_source_details": [],
                "instance_id": "",
                "launch_mode": "NATIVE",
                "launch_options": [
                  {
                    "boot_volume_type": "PARAVIRTUALIZED",
                    "firmware": "UEFI_64",
                    "is_consistent_volume_naming_enabled": true,
                    "is_pv_encryption_in_transit_enabled": true,
                    "network_type": "PARAVIRTUALIZED",
                    "remote_data_volume_type": "PARAVIRTUALIZED"
                  }
                ],
                "listing_type": "",
                "operating_system": "Oracle Linux",
                "operating_system_version": "8",
                "size_in_mbs": "47719",
                "state": "AVAILABLE",
                "time_created": "2025-09-03 04:03:02.34 +0000 UTC"
              },
              {
                "agent_features": [],
                "base_image_id": "",
                "billable_size_in_gbs": "5",
                "compartment_id": "",
                "create_image_allowed": true,
                "defined_tags": {},
                "display_name": "Oracle-Linux-9.6-2025.07.31-2",
                "freeform_tags": {},
                "id": "ocid1.image.oc1.eu-frankfurt-1.aaaaaaaayjj4bygdzeirjsevmaohlda6wviln7lofbrptj64od3qnc7vw5ba",
                "image_source_details": [],
                "instance_id": "",
                "launch_mode": "NATIVE",
                "launch_options": [
                  {
                    "boot_volume_type": "PARAVIRTUALIZED",
                    "firmware": "UEFI_64",
                    "is_consistent_volume_naming_enabled": true,
                    "is_pv_encryption_in_transit_enabled": true,
                    "network_type": "PARAVIRTUALIZED",
                    "remote_data_volume_type": "PARAVIRTUALIZED"
                  }
                ],
                "listing_type": "",
                "operating_system": "Oracle Linux",
                "operating_system_version": "9",
                "size_in_mbs": "47719",
                "state": "AVAILABLE",
                "time_created": "2025-08-26 03:33:10.73 +0000 UTC"
              },
              {
                "agent_features": [],
                "base_image_id": "",
                "billable_size_in_gbs": "5",
                "compartment_id": "",
                "create_image_allowed": true,
                "defined_tags": {},
                "display_name": "Oracle-Linux-9.6-aarch64-2025.07.31-2",
                "freeform_tags": {},
                "id": "ocid1.image.oc1.eu-frankfurt-1.aaaaaaaa7sahpriem2mg7m7sfrkafx3iy6u6gjrjnooefs3enasvgw7nfwqq",
                "image_source_details": [],
                "instance_id": "",
                "launch_mode": "NATIVE",
                "launch_options": [
                  {
                    "boot_volume_type": "PARAVIRTUALIZED",
                    "firmware": "UEFI_64",
                    "is_consistent_volume_naming_enabled": true,
                    "is_pv_encryption_in_transit_enabled": true,
                    "network_type": "PARAVIRTUALIZED",
                    "remote_data_volume_type": "PARAVIRTUALIZED"
                  }
                ],
                "listing_type": "",
                "operating_system": "Oracle Linux",
                "operating_system_version": "9",
                "size_in_mbs": "47719",
                "state": "AVAILABLE",
                "time_created": "2025-08-26 03:32:26.243 +0000 UTC"
              },
              {
                "agent_features": [],
                "base_image_id": "",
                "billable_size_in_gbs": "19",
                "compartment_id": "",
                "create_image_allowed": true,
                "defined_tags": {},
                "display_name": "Oracle-Linux-9.6-Gen2-GPU-2025.07.31-0",
                "freeform_tags": {},
                "id": "ocid1.image.oc1.eu-frankfurt-1.aaaaaaaae5vbd67cnricmv7ptwmgbdcwmuz5voy45yp443tywae64emc4bsa",
                "image_source_details": [],
                "instance_id": "",
                "launch_mode": "NATIVE",
                "launch_options": [
                  {
                    "boot_volume_type": "PARAVIRTUALIZED",
                    "firmware": "UEFI_64",
                    "is_consistent_volume_naming_enabled": true,
                    "is_pv_encryption_in_transit_enabled": true,
                    "network_type": "PARAVIRTUALIZED",
                    "remote_data_volume_type": "PARAVIRTUALIZED"
                  }
                ],
                "listing_type": "",
                "operating_system": "Oracle Linux",
                "operating_system_version": "9",
                "size_in_mbs": "47719",
                "state": "AVAILABLE",
                "time_created": "2025-08-26 03:31:01.973 +0000 UTC"
              },
              {
                "agent_features": [],
                "base_image_id": "",
                "billable_size_in_gbs": "6",
                "compartment_id": "",
                "create_image_allowed": true,
                "defined_tags": {},
                "display_name": "Oracle-Linux-8.10-aarch64-2025.07.31-0",
                "freeform_tags": {},
                "id": "ocid1.image.oc1.eu-frankfurt-1.aaaaaaaamklpj7bch4ptuxqjnfxryprw5igdy54kqvtktc5tu2lfdz2g7usa",
                "image_source_details": [],
                "instance_id": "",
                "launch_mode": "NATIVE",
                "launch_options": [
                  {
                    "boot_volume_type": "PARAVIRTUALIZED",
                    "firmware": "UEFI_64",
                    "is_consistent_volume_naming_enabled": true,
                    "is_pv_encryption_in_transit_enabled": true,
                    "network_type": "PARAVIRTUALIZED",
                    "remote_data_volume_type": "PARAVIRTUALIZED"
                  }
                ],
                "listing_type": "",
                "operating_system": "Oracle Linux",
                "operating_system_version": "8",
                "size_in_mbs": "47719",
                "state": "AVAILABLE",
                "time_created": "2025-08-26 03:30:25.947 +0000 UTC"
              },
              {
                "agent_features": [],
                "base_image_id": "",
                "billable_size_in_gbs": "6",
                "compartment_id": "",
                "create_image_allowed": true,
                "defined_tags": {},
                "display_name": "Oracle-Linux-8.10-2025.07.31-0",
                "freeform_tags": {},
                "id": "ocid1.image.oc1.eu-frankfurt-1.aaaaaaaaekraczixxykpt54i7ltblmnhwbgvajdb4oqg6ybj5kn4b6pcvimq",
                "image_source_details": [],
                "instance_id": "",
                "launch_mode": "NATIVE",
                "launch_options": [
                  {
                    "boot_volume_type": "PARAVIRTUALIZED",
                    "firmware": "UEFI_64",
                    "is_consistent_volume_naming_enabled": true,
                    "is_pv_encryption_in_transit_enabled": true,
                    "network_type": "PARAVIRTUALIZED",
                    "remote_data_volume_type": "PARAVIRTUALIZED"
                  }
                ],
                "listing_type": "",
                "operating_system": "Oracle Linux",
                "operating_system_version": "8",
                "size_in_mbs": "47719",
                "state": "AVAILABLE",
                "time_created": "2025-08-26 03:30:20.745 +0000 UTC"
              },
              {
                "agent_features": [],
                "base_image_id": "",
                "billable_size_in_gbs": "19",
                "compartment_id": "",
                "create_image_allowed": true,
                "defined_tags": {},
                "display_name": "Oracle-Linux-8.10-Gen2-GPU-2025.07.31-0",
                "freeform_tags": {},
                "id": "ocid1.image.oc1.eu-frankfurt-1.aaaaaaaavbjoirfjrxj4veqnnx7jhesf4zoj474ihwavvarepnessctxqrqq",
                "image_source_details": [],
                "instance_id": "",
                "launch_mode": "NATIVE",
                "launch_options": [
                  {
                    "boot_volume_type": "PARAVIRTUALIZED",
                    "firmware": "UEFI_64",
                    "is_consistent_volume_naming_enabled": true,
                    "is_pv_encryption_in_transit_enabled": true,
                    "network_type": "PARAVIRTUALIZED",
                    "remote_data_volume_type": "PARAVIRTUALIZED"
                  }
                ],
                "listing_type": "",
                "operating_system": "Oracle Linux",
                "operating_system_version": "8",
                "size_in_mbs": "47719",
                "state": "AVAILABLE",
                "time_created": "2025-08-26 03:29:41.718 +0000 UTC"
              },
              {
                "agent_features": [],
                "base_image_id": "",
                "billable_size_in_gbs": "4",
                "compartment_id": "",
                "create_image_allowed": true,
                "defined_tags": {},
                "display_name": "Oracle-Linux-10.0-aarch64-2025.07.31-2",
                "freeform_tags": {},
                "id": "ocid1.image.oc1.eu-frankfurt-1.aaaaaaaahy5bsymsysbvmfiqlnaxyyrkf25efzvll22vqw7eiy7hlwksnawq",
                "image_source_details": [],
                "instance_id": "",
                "launch_mode": "NATIVE",
                "launch_options": [
                  {
                    "boot_volume_type": "PARAVIRTUALIZED",
                    "firmware": "UEFI_64",
                    "is_consistent_volume_naming_enabled": true,
                    "is_pv_encryption_in_transit_enabled": true,
                    "network_type": "PARAVIRTUALIZED",
                    "remote_data_volume_type": "PARAVIRTUALIZED"
                  }
                ],
                "listing_type": "",
                "operating_system": "Oracle Linux",
                "operating_system_version": "10",
                "size_in_mbs": "47719",
                "state": "AVAILABLE",
                "time_created": "2025-08-26 02:57:19.836 +0000 UTC"
              },
              {
                "agent_features": [],
                "base_image_id": "",
                "billable_size_in_gbs": "4",
                "compartment_id": "",
                "create_image_allowed": true,
                "defined_tags": {},
                "display_name": "Oracle-Linux-10.0-2025.07.31-2",
                "freeform_tags": {},
                "id": "ocid1.image.oc1.eu-frankfurt-1.aaaaaaaaqc47fxw5qlxbvf5iodpko4ram56cmmgaqtabpi5wf5vvufs7p3pq",
                "image_source_details": [],
                "instance_id": "",
                "launch_mode": "NATIVE",
                "launch_options": [
                  {
                    "boot_volume_type": "PARAVIRTUALIZED",
                    "firmware": "UEFI_64",
                    "is_consistent_volume_naming_enabled": true,
                    "is_pv_encryption_in_transit_enabled": true,
                    "network_type": "PARAVIRTUALIZED",
                    "remote_data_volume_type": "PARAVIRTUALIZED"
                  }
                ],
                "listing_type": "",
                "operating_system": "Oracle Linux",
                "operating_system_version": "10",
                "size_in_mbs": "47719",
                "state": "AVAILABLE",
                "time_created": "2025-08-26 02:56:59.461 +0000 UTC"
              },
              {
                "agent_features": [],
                "base_image_id": "",
                "billable_size_in_gbs": "15",
                "compartment_id": "",
                "create_image_allowed": true,
                "defined_tags": {},
                "display_name": "Oracle-Linux-7.9-Gen2-GPU-2025.07.21-0",
                "freeform_tags": {},
                "id": "ocid1.image.oc1.eu-frankfurt-1.aaaaaaaaxoawryw2min5574r3l4u2rgemphxjl67evnphjqtjshorl3eyl2q",
                "image_source_details": [],
                "instance_id": "",
                "launch_mode": "NATIVE",
                "launch_options": [
                  {
                    "boot_volume_type": "PARAVIRTUALIZED",
                    "firmware": "UEFI_64",
                    "is_consistent_volume_naming_enabled": true,
                    "is_pv_encryption_in_transit_enabled": true,
                    "network_type": "PARAVIRTUALIZED",
                    "remote_data_volume_type": "PARAVIRTUALIZED"
                  }
                ],
                "listing_type": "",
                "operating_system": "Oracle Linux",
                "operating_system_version": "7.9",
                "size_in_mbs": "47694",
                "state": "AVAILABLE",
                "time_created": "2025-07-25 07:01:30.379 +0000 UTC"
              },
              {
                "agent_features": [],
                "base_image_id": "",
                "billable_size_in_gbs": "5",
                "compartment_id": "",
                "create_image_allowed": true,
                "defined_tags": {},
                "display_name": "Oracle-Linux-7.9-2025.07.21-0",
                "freeform_tags": {},
                "id": "ocid1.image.oc1.eu-frankfurt-1.aaaaaaaavliasj4nspjrzbiqi6dg75coav5f2ucvkas3obgbkw2ze4r7jo7q",
                "image_source_details": [],
                "instance_id": "",
                "launch_mode": "NATIVE",
                "launch_options": [
                  {
                    "boot_volume_type": "PARAVIRTUALIZED",
                    "firmware": "UEFI_64",
                    "is_consistent_volume_naming_enabled": true,
                    "is_pv_encryption_in_transit_enabled": true,
                    "network_type": "PARAVIRTUALIZED",
                    "remote_data_volume_type": "PARAVIRTUALIZED"
                  }
                ],
                "listing_type": "",
                "operating_system": "Oracle Linux",
                "operating_system_version": "7.9",
                "size_in_mbs": "47694",
                "state": "AVAILABLE",
                "time_created": "2025-07-25 07:00:42.95 +0000 UTC"
              },
              {
                "agent_features": [],
                "base_image_id": "",
                "billable_size_in_gbs": "3",
                "compartment_id": "",
                "create_image_allowed": true,
                "defined_tags": {},
                "display_name": "Oracle-Linux-9.6-Minimal-2025.06.30-0",
                "freeform_tags": {},
                "id": "ocid1.image.oc1.eu-frankfurt-1.aaaaaaaazaiamjdekv2lfasnww2qlzwk556ljq5v6swjxdufdkh5gmixgeaq",
                "image_source_details": [],
                "instance_id": "",
                "launch_mode": "NATIVE",
                "launch_options": [
                  {
                    "boot_volume_type": "PARAVIRTUALIZED",
                    "firmware": "UEFI_64",
                    "is_consistent_volume_naming_enabled": true,
                    "is_pv_encryption_in_transit_enabled": true,
                    "network_type": "PARAVIRTUALIZED",
                    "remote_data_volume_type": "PARAVIRTUALIZED"
                  }
                ],
                "listing_type": "",
                "operating_system": "Oracle Linux",
                "operating_system_version": "9 Minimal",
                "size_in_mbs": "47719",
                "state": "AVAILABLE",
                "time_created": "2025-07-10 05:26:13.092 +0000 UTC"
              },
              {
                "agent_features": [],
                "base_image_id": "",
                "billable_size_in_gbs": "5",
                "compartment_id": "",
                "create_image_allowed": true,
                "defined_tags": {},
                "display_name": "Oracle-Linux-7.9-2025.04.16-0",
                "freeform_tags": {},
                "id": "ocid1.image.oc1.eu-frankfurt-1.aaaaaaaaxejmji2lr5oeagc6ilvr2dxao4ewaq7ilkzzsuejc65rvfx3ixvq",
                "image_source_details": [],
                "instance_id": "",
                "launch_mode": "NATIVE",
                "launch_options": [
                  {
                    "boot_volume_type": "PARAVIRTUALIZED",
                    "firmware": "UEFI_64",
                    "is_consistent_volume_naming_enabled": true,
                    "is_pv_encryption_in_transit_enabled": true,
                    "network_type": "PARAVIRTUALIZED",
                    "remote_data_volume_type": "PARAVIRTUALIZED"
                  }
                ],
                "listing_type": "",
                "operating_system": "Oracle Linux",
                "operating_system_version": "7.9",
                "size_in_mbs": "47694",
                "state": "AVAILABLE",
                "time_created": "2025-04-24 06:39:12.836 +0000 UTC"
              },
              {
                "agent_features": [],
                "base_image_id": "",
                "billable_size_in_gbs": "3",
                "compartment_id": "",
                "create_image_allowed": true,
                "defined_tags": {},
                "display_name": "Oracle-Linux-9.5-Minimal-2025.01.31-0",
                "freeform_tags": {},
                "id": "ocid1.image.oc1.eu-frankfurt-1.aaaaaaaajyuervg37unk77pgdbuwhjllcc6keoydn37oj2ycqpdcbce2eula",
                "image_source_details": [],
                "instance_id": "",
                "launch_mode": "NATIVE",
                "launch_options": [
                  {
                    "boot_volume_type": "PARAVIRTUALIZED",
                    "firmware": "UEFI_64",
                    "is_consistent_volume_naming_enabled": true,
                    "is_pv_encryption_in_transit_enabled": true,
                    "network_type": "PARAVIRTUALIZED",
                    "remote_data_volume_type": "PARAVIRTUALIZED"
                  }
                ],
                "listing_type": "",
                "operating_system": "Oracle Linux",
                "operating_system_version": "9 Minimal",
                "size_in_mbs": "47719",
                "state": "AVAILABLE",
                "time_created": "2025-02-13 08:53:27.165 +0000 UTC"
              },
              {
                "agent_features": [],
                "base_image_id": "",
                "billable_size_in_gbs": "15",
                "compartment_id": "",
                "create_image_allowed": true,
                "defined_tags": {},
                "display_name": "Oracle-Linux-7.9-Gen2-GPU-2025.01.31-0",
                "freeform_tags": {},
                "id": "ocid1.image.oc1.eu-frankfurt-1.aaaaaaaah7a7gv2hg6v3tj2o5pvcmnf5xsrynzfdfhbnu2bru3cazadysvta",
                "image_source_details": [],
                "instance_id": "",
                "launch_mode": "NATIVE",
                "launch_options": [
                  {
                    "boot_volume_type": "PARAVIRTUALIZED",
                    "firmware": "UEFI_64",
                    "is_consistent_volume_naming_enabled": true,
                    "is_pv_encryption_in_transit_enabled": true,
                    "network_type": "PARAVIRTUALIZED",
                    "remote_data_volume_type": "PARAVIRTUALIZED"
                  }
                ],
                "listing_type": "",
                "operating_system": "Oracle Linux",
                "operating_system_version": "7.9",
                "size_in_mbs": "47694",
                "state": "AVAILABLE",
                "time_created": "2025-02-13 08:53:11.528 +0000 UTC"
              },
              {
                "agent_features": [],
                "base_image_id": "",
                "billable_size_in_gbs": "5",
                "compartment_id": "",
                "create_image_allowed": true,
                "defined_tags": {},
                "display_name": "Oracle-Linux-7.9-2025.01.31-0",
                "freeform_tags": {},
                "id": "ocid1.image.oc1.eu-frankfurt-1.aaaaaaaabp5nsbzluz7iwrjiy43nuv4etwd5daznf4u7jdfktlqh66ww3lzq",
                "image_source_details": [],
                "instance_id": "",
                "launch_mode": "NATIVE",
                "launch_options": [
                  {
                    "boot_volume_type": "PARAVIRTUALIZED",
                    "firmware": "UEFI_64",
                    "is_consistent_volume_naming_enabled": true,
                    "is_pv_encryption_in_transit_enabled": true,
                    "network_type": "PARAVIRTUALIZED",
                    "remote_data_volume_type": "PARAVIRTUALIZED"
                  }
                ],
                "listing_type": "",
                "operating_system": "Oracle Linux",
                "operating_system_version": "7.9",
                "size_in_mbs": "47694",
                "state": "AVAILABLE",
                "time_created": "2025-02-13 08:52:53.715 +0000 UTC"
              },
              {
                "agent_features": [],
                "base_image_id": "",
                "billable_size_in_gbs": "4",
                "compartment_id": "",
                "create_image_allowed": true,
                "defined_tags": {},
                "display_name": "Oracle-Linux-7.9-aarch64-2024.11.30-0",
                "freeform_tags": {},
                "id": "ocid1.image.oc1.eu-frankfurt-1.aaaaaaaagsdyzbywrjpjkaaevg2u5e3ftiaayajerkyfpxxfj5ogc2kbo44a",
                "image_source_details": [],
                "instance_id": "",
                "launch_mode": "NATIVE",
                "launch_options": [
                  {
                    "boot_volume_type": "PARAVIRTUALIZED",
                    "firmware": "UEFI_64",
                    "is_consistent_volume_naming_enabled": true,
                    "is_pv_encryption_in_transit_enabled": true,
                    "network_type": "PARAVIRTUALIZED",
                    "remote_data_volume_type": "PARAVIRTUALIZED"
                  }
                ],
                "listing_type": "",
                "operating_system": "Oracle Linux",
                "operating_system_version": "7.9",
                "size_in_mbs": "47694",
                "state": "AVAILABLE",
                "time_created": "2025-01-15 05:31:45.586 +0000 UTC"
              },
              {
                "agent_features": [],
                "base_image_id": "",
                "billable_size_in_gbs": "15",
                "compartment_id": "",
                "create_image_allowed": true,
                "defined_tags": {},
                "display_name": "Oracle-Linux-7.9-Gen2-GPU-2024.11.30-0",
                "freeform_tags": {},
                "id": "ocid1.image.oc1.eu-frankfurt-1.aaaaaaaajhifedldyg64435uhxcrgkf7ty62esqgmmuhxx42gjabl7fkrava",
                "image_source_details": [],
                "instance_id": "",
                "launch_mode": "NATIVE",
                "launch_options": [
                  {
                    "boot_volume_type": "PARAVIRTUALIZED",
                    "firmware": "UEFI_64",
                    "is_consistent_volume_naming_enabled": true,
                    "is_pv_encryption_in_transit_enabled": true,
                    "network_type": "PARAVIRTUALIZED",
                    "remote_data_volume_type": "PARAVIRTUALIZED"
                  }
                ],
                "listing_type": "",
                "operating_system": "Oracle Linux",
                "operating_system_version": "7.9",
                "size_in_mbs": "47694",
                "state": "AVAILABLE",
                "time_created": "2025-01-15 05:29:42.389 +0000 UTC"
              },
              {
                "agent_features": [],
                "base_image_id": "",
                "billable_size_in_gbs": "4",
                "compartment_id": "",
                "create_image_allowed": true,
                "defined_tags": {},
                "display_name": "Oracle-Linux-7.9-aarch64-2024.10.31-0",
                "freeform_tags": {},
                "id": "ocid1.image.oc1.eu-frankfurt-1.aaaaaaaajpdyi4zecdq5ziqrtmsjwxquh7ngjohfzhxopo543cetqho6rx2a",
                "image_source_details": [],
                "instance_id": "",
                "launch_mode": "NATIVE",
                "launch_options": [
                  {
                    "boot_volume_type": "PARAVIRTUALIZED",
                    "firmware": "UEFI_64",
                    "is_consistent_volume_naming_enabled": true,
                    "is_pv_encryption_in_transit_enabled": true,
                    "network_type": "PARAVIRTUALIZED",
                    "remote_data_volume_type": "PARAVIRTUALIZED"
                  }
                ],
                "listing_type": "",
                "operating_system": "Oracle Linux",
                "operating_system_version": "7.9",
                "size_in_mbs": "47694",
                "state": "AVAILABLE",
                "time_created": "2024-12-11 05:08:56.097 +0000 UTC"
              },
              {
                "agent_features": [],
                "base_image_id": "",
                "billable_size_in_gbs": "3",
                "compartment_id": "",
                "create_image_allowed": true,
                "defined_tags": {},
                "display_name": "Oracle-Linux-9.4-Minimal-2024.09.30-0",
                "freeform_tags": {},
                "id": "ocid1.image.oc1.eu-frankfurt-1.aaaaaaaagqjvwzbdxts2facar5fqw3bf4mgfwcovwhh7pvkubood6h4lfqia",
                "image_source_details": [],
                "instance_id": "",
                "launch_mode": "NATIVE",
                "launch_options": [
                  {
                    "boot_volume_type": "PARAVIRTUALIZED",
                    "firmware": "UEFI_64",
                    "is_consistent_volume_naming_enabled": true,
                    "is_pv_encryption_in_transit_enabled": true,
                    "network_type": "PARAVIRTUALIZED",
                    "remote_data_volume_type": "PARAVIRTUALIZED"
                  }
                ],
                "listing_type": "",
                "operating_system": "Oracle Linux",
                "operating_system_version": "9 Minimal",
                "size_in_mbs": "47719",
                "state": "AVAILABLE",
                "time_created": "2024-10-12 04:35:46.162 +0000 UTC"
              },
              {
                "agent_features": [],
                "base_image_id": "",
                "billable_size_in_gbs": "34",
                "compartment_id": "",
                "create_image_allowed": true,
                "defined_tags": {},
                "display_name": "Oracle-Linux-8.10-Gen2-AMD-GPU-2024.08.31-0",
                "freeform_tags": {},
                "id": "ocid1.image.oc1.eu-frankfurt-1.aaaaaaaaudrqehylitj7edyngsekhuh2pwztc2rd2legmubilkbs7thq5qqa",
                "image_source_details": [],
                "instance_id": "",
                "launch_mode": "NATIVE",
                "launch_options": [
                  {
                    "boot_volume_type": "PARAVIRTUALIZED",
                    "firmware": "UEFI_64",
                    "is_consistent_volume_naming_enabled": true,
                    "is_pv_encryption_in_transit_enabled": true,
                    "network_type": "PARAVIRTUALIZED",
                    "remote_data_volume_type": "PARAVIRTUALIZED"
                  }
                ],
                "listing_type": "",
                "operating_system": "Oracle Linux",
                "operating_system_version": "8",
                "size_in_mbs": "153600",
                "state": "AVAILABLE",
                "time_created": "2024-10-12 04:34:43.844 +0000 UTC"
              },
              {
                "agent_features": [],
                "base_image_id": "",
                "billable_size_in_gbs": "4",
                "compartment_id": "",
                "create_image_allowed": true,
                "defined_tags": {},
                "display_name": "Oracle-Linux-7.9-aarch64-2024.09.30-0",
                "freeform_tags": {},
                "id": "ocid1.image.oc1.eu-frankfurt-1.aaaaaaaazhqqxfwahx2af6xlvyds26nssmett662eqyc6i4wpce3jnhcxeaa",
                "image_source_details": [],
                "instance_id": "",
                "launch_mode": "NATIVE",
                "launch_options": [
                  {
                    "boot_volume_type": "PARAVIRTUALIZED",
                    "firmware": "UEFI_64",
                    "is_consistent_volume_naming_enabled": true,
                    "is_pv_encryption_in_transit_enabled": true,
                    "network_type": "PARAVIRTUALIZED",
                    "remote_data_volume_type": "PARAVIRTUALIZED"
                  }
                ],
                "listing_type": "",
                "operating_system": "Oracle Linux",
                "operating_system_version": "7.9",
                "size_in_mbs": "47694",
                "state": "AVAILABLE",
                "time_created": "2024-10-12 04:34:20.249 +0000 UTC"
              },
              {
                "agent_features": [],
                "base_image_id": "",
                "billable_size_in_gbs": "3",
                "compartment_id": "",
                "create_image_allowed": true,
                "defined_tags": {},
                "display_name": "Oracle-Linux-6.10-2022.02.13-1",
                "freeform_tags": {},
                "id": "ocid1.image.oc1.eu-frankfurt-1.aaaaaaaa5uaelcipknraagp7mxk6vwlfairqqqkh5pjdg2uiwzg3oaxizaga",
                "image_source_details": [],
                "instance_id": "",
                "launch_mode": "NATIVE",
                "launch_options": [
                  {
                    "boot_volume_type": "PARAVIRTUALIZED",
                    "firmware": "UEFI_64",
                    "is_consistent_volume_naming_enabled": true,
                    "is_pv_encryption_in_transit_enabled": true,
                    "network_type": "PARAVIRTUALIZED",
                    "remote_data_volume_type": "PARAVIRTUALIZED"
                  }
                ],
                "listing_type": "",
                "operating_system": "Oracle Linux",
                "operating_system_version": "6.10",
                "size_in_mbs": "47694",
                "state": "AVAILABLE",
                "time_created": "2022-03-17 21:39:51.204 +0000 UTC"
              },
              {
                "agent_features": [],
                "base_image_id": "",
                "billable_size_in_gbs": "0",
                "compartment_id": "",
                "create_image_allowed": true,
                "defined_tags": {},
                "display_name": "Oracle-Linux-6.10-2021.03.17-0",
                "freeform_tags": {},
                "id": "ocid1.image.oc1.eu-frankfurt-1.aaaaaaaa3rjxpkcfs44y5hdf7xmhunx2ipdmbem2bevpayv7gmwuyycbk57a",
                "image_source_details": [],
                "instance_id": "",
                "launch_mode": "NATIVE",
                "launch_options": [
                  {
                    "boot_volume_type": "PARAVIRTUALIZED",
                    "firmware": "UEFI_64",
                    "is_consistent_volume_naming_enabled": true,
                    "is_pv_encryption_in_transit_enabled": true,
                    "network_type": "PARAVIRTUALIZED",
                    "remote_data_volume_type": "PARAVIRTUALIZED"
                  }
                ],
                "listing_type": "",
                "operating_system": "Oracle Linux",
                "operating_system_version": "6.10",
                "size_in_mbs": "47694",
                "state": "AVAILABLE",
                "time_created": "2021-03-24 02:42:38.242 +0000 UTC"
              }
            ],
            "operating_system": "Oracle Linux",
            "operating_system_version": null,
            "shape": null,
            "sort_by": "TIMECREATED",
            "sort_order": "DESC",
            "state": null
          },
          "sensitive_attributes": []
        }
      ]
    },
    {
      "mode": "data",
      "type": "oci_identity_availability_domains",
      "name": "ads",
      "provider": "provider[\"registry.terraform.io/oracle/oci\"]",
      "instances": [
        {
          "schema_version": 0,
          "attributes": {
            "availability_domains": [
              {
                "compartment_id": "ocid1.tenancy.oc1..aaaaaaaaxzpxbcag7zgamh2erlggqro3y63tvm2rbkkjz4z2zskvagupiz7a",
                "id": "ocid1.availabilitydomain.oc1..aaaaaaaaiifj24st3w4j7cowuo3pmqcuqwjapjv435vtjmgh5j7q3flguwna",
                "name": "NoEK:EU-FRANKFURT-1-AD-1"
              },
              {
                "compartment_id": "ocid1.tenancy.oc1..aaaaaaaaxzpxbcag7zgamh2erlggqro3y63tvm2rbkkjz4z2zskvagupiz7a",
                "id": "ocid1.availabilitydomain.oc1..aaaaaaaalcdcbl7u6akbmkojxhrozpj2v7yavqqydkj3ytyjbt47lnoqnm2q",
                "name": "NoEK:EU-FRANKFURT-1-AD-2"
              },
              {
                "compartment_id": "ocid1.tenancy.oc1..aaaaaaaaxzpxbcag7zgamh2erlggqro3y63tvm2rbkkjz4z2zskvagupiz7a",
                "id": "ocid1.availabilitydomain.oc1..aaaaaaaaa2artt5wizbqvwl3rgptylx2l7jqbnyv4dygcfvlrd3dphvi3mdq",
                "name": "NoEK:EU-FRANKFURT-1-AD-3"
              }
            ],
            "compartment_id": "ocid1.tenancy.oc1..aaaaaaaaxzpxbcag7zgamh2erlggqro3y63tvm2rbkkjz4z2zskvagupiz7a",
            "filter": null,
            "id": "IdentityAvailabilityDomainsDataSource-2176573680"
          },
          "sensitive_attributes": []
        }
      ]
    },
    {
      "mode": "managed",
      "type": "oci_core_instance",
      "name": "mcp_vm",
      "provider": "provider[\"registry.terraform.io/oracle/oci\"]",
      "instances": [
        {
          "index_key": 0,
          "schema_version": 0,
          "attributes": {
            "agent_config": [
              {
                "are_all_plugins_disabled": false,
                "is_management_disabled": false,
                "is_monitoring_disabled": false,
                "plugins_config": []
              }
            ],
            "async": null,
            "availability_config": [
              {
                "is_live_migration_preferred": false,
                "recovery_action": "RESTORE_INSTANCE"
              }
            ],
            "availability_domain": "NoEK:EU-FRANKFURT-1-AD-1",
            "boot_volume_id": "ocid1.bootvolume.oc1.eu-frankfurt-1.abtheljrjulmk3p76owvrf2udxdur54e2exq3dixn6jccvsk5k7wnyb7eb2a",
            "capacity_reservation_id": null,
            "cluster_placement_group_id": null,
            "compartment_id": "ocid1.compartment.oc1..aaaaaaaagy3yddkkampnhj3cqm5ar7w2p7tuq5twbojyycvol6wugfav3ckq",
            "compute_cluster_id": null,
            "create_vnic_details": [
              {
                "assign_ipv6ip": false,
                "assign_private_dns_record": false,
                "assign_public_ip": "true",
                "defined_tags": {
                  "CCA_Basic_Tag.email": "oracleidentitycloudservice/alexandru.birzu@oracle.com",
                  "Oracle-Standard.CostCenter": "Specialists",
                  "Oracle_Tags.CreatedBy": "oracleidentitycloudservice/alexandru.birzu@oracle.com",
                  "Oracle_Tags.CreatedOn": "2025-10-22T13:48:31.132Z"
                },
                "display_name": "mcp-oci-streamable",
                "freeform_tags": {},
                "hostname_label": "mcp-oci-streamable",
                "ipv6address_ipv6subnet_cidr_pair_details": [],
                "nsg_ids": [
                  "ocid1.networksecuritygroup.oc1.eu-frankfurt-1.aaaaaaaaxfnvl2pilg5lhlfinjyzj6v7iht3372e7cttlpamqdc2h5gezgca"
                ],
                "private_ip": "10.42.1.109",
                "security_attributes": {},
                "skip_source_dest_check": false,
                "subnet_id": "ocid1.subnet.oc1.eu-frankfurt-1.aaaaaaaa4wqldrvza2x742ctzqrsu5kl2xibbztlezfjivy5b3wx35zmg6kq",
                "vlan_id": ""
              }
            ],
            "dedicated_vm_host_id": null,
            "defined_tags": {
              "CCA_Basic_Tag.email": "oracleidentitycloudservice/alexandru.birzu@oracle.com",
              "Oracle-Standard.CostCenter": "Specialists",
              "Oracle_Tags.CreatedBy": "oracleidentitycloudservice/alexandru.birzu@oracle.com",
              "Oracle_Tags.CreatedOn": "2025-10-22T13:48:31.014Z"
            },
            "display_name": "mcp-oci-streamable",
            "extended_metadata": {},
            "fault_domain": "FAULT-DOMAIN-2",
            "freeform_tags": {},
            "hostname_label": "mcp-oci-streamable",
            "id": "ocid1.instance.oc1.eu-frankfurt-1.antheljrttkvkkic4xrarsbwmsofa5ibsbzsotilg7qcmnw5344ngif6niza",
            "image": "ocid1.image.oc1.eu-frankfurt-1.aaaaaaaajovmusdfe7lkfsv3fzzn44ac7t35htmzzmnyaawdl4yznw3xdpfa",
            "instance_configuration_id": null,
            "instance_options": [
              {
                "are_legacy_imds_endpoints_disabled": false
              }
            ],
            "ipxe_script": null,
            "is_cross_numa_node": false,
            "is_pv_encryption_in_transit_enabled": null,
            "launch_mode": "PARAVIRTUALIZED",
            "launch_options": [
              {
                "boot_volume_type": "PARAVIRTUALIZED",
                "firmware": "UEFI_64",
                "is_consistent_volume_naming_enabled": true,
                "is_pv_encryption_in_transit_enabled": false,
                "network_type": "PARAVIRTUALIZED",
                "remote_data_volume_type": "PARAVIRTUALIZED"
              }
            ],
            "launch_volume_attachments": null,
            "licensing_configs": [],
            "metadata": {
              "ssh_authorized_keys": "ssh-ed25519 AAAAC3NzaC1lZDI1NTE5AAAAIGp+3HNvbM8cFiwgXmmxh0hlkkUeVo02ULWfPDkC0SVy aditest",
              "user_data": "IyEvYmluL2Jhc2gKc2V0IC1ldW8gcGlwZWZhaWwKCkxPR19GSUxFPSIvdmFyL2xvZy9tY3Atb2NpLWNsb3VkLWluaXQubG9nIgpleGVjID4gPih0ZWUgLWEgIiR7TE9HX0ZJTEV9IikgMj4mMQoKZWNobyAiW2Nsb3VkLWluaXRdIFN0YXJ0aW5nIE1DUC1PQ0kgc3RyZWFtYWJsZSBkZXBsb3ltZW50IHByZXAiCgpQS0dfTUFOQUdFUj0iZG5mIgppZiAhIGNvbW1hbmQgLXYgZG5mID4vZGV2L251bGwgMj4mMTsgdGhlbgogIFBLR19NQU5BR0VSPSJ5dW0iCmZpCgoke1BLR19NQU5BR0VSfSAteSBpbnN0YWxsIG9yYWNsZS1lcGVsLXJlbGVhc2UtZWw5IHx8IHRydWUKJHtQS0dfTUFOQUdFUn0gLXkgaW5zdGFsbCBnaXQgZG9ja2VyIGRvY2tlci1jb21wb3NlLXBsdWdpbiBmaXJld2FsbGQganEgdW56aXAgY3VybCB8fCB0cnVlCgppZiAhIGNvbW1hbmQgLXYgb2NpID4vZGV2L251bGwgMj4mMTsgdGhlbgogIGN1cmwgLXNTTCBodHRwczovL3Jhdy5naXRodWJ1c2VyY29udGVudC5jb20vb3JhY2xlL29jaS1jbGkvbWFzdGVyL3NjcmlwdHMvaW5zdGFsbC9pbnN0YWxsLnNoIC1vIC90bXAvb2NpLWNsaS1pbnN0YWxsLnNoCiAgY2htb2QgK3ggL3RtcC9vY2ktY2xpLWluc3RhbGwuc2gKICAvdG1wL29jaS1jbGktaW5zdGFsbC5zaCAtLWFjY2VwdC1hbGwtZGVmYXVsdHMgLS1pbnN0YWxsLWRpciAvdXNyL2xvY2FsL2xpYi9vY2ktY2xpIC0tZXhlYy1kaXIgL3Vzci9sb2NhbC9iaW4gLS1zY3JpcHQtZGlyIC91c3IvbG9jYWwvYmluCiAgcm0gLWYgL3RtcC9vY2ktY2xpLWluc3RhbGwuc2gKZmkKCnN5c3RlbWN0bCBlbmFibGUgLS1ub3cgZG9ja2VyCnN5c3RlbWN0bCBlbmFibGUgLS1ub3cgZmlyZXdhbGxkCgp1c2VybW9kIC1hRyBkb2NrZXIgb3BjIHx8IHRydWUKCnBvcnRzPSgKICA3MDAxIDcwMDIgNzAwMyA3MDA0IDcwMDUgNzAwNiA3MDA3IDcwMDggNzAwOSA3MDEwIDcwMTEKICA4MDAwIDgwMDEgODAwMiA4MDAzIDgwMDQgODAwNSA4MDA2IDgwMDcgODAwOCA4MDA5IDgwMTAgODAxMQopCgpBTExPV0VEX1NPVVJDRT0iODIuNzcuMTE2LjI5LzMyIgoKaWYgW1sgLW4gIiRBTExPV0VEX1NPVVJDRSIgXV07IHRoZW4KICBmb3IgcG9ydCBpbiAiJHtwb3J0c1tAXX0iOyBkbwogICAgZmlyZXdhbGwtY21kIC0tcGVybWFuZW50IC0tYWRkLXJpY2gtcnVsZT0icnVsZSBmYW1pbHk9aXB2NCBzb3VyY2UgYWRkcmVzcz0kQUxMT1dFRF9TT1VSQ0UgcG9ydCBwb3J0PSR7cG9ydH0gcHJvdG9jb2w9dGNwIGFjY2VwdCIgfHwgdHJ1ZQogIGRvbmUKZWxzZQogIGZvciBwb3J0IGluICIke3BvcnRzW0BdfSI7IGRvCiAgICBmaXJld2FsbC1jbWQgLS1wZXJtYW5lbnQgLS1hZGQtcG9ydD0iJHtwb3J0fS90Y3AiIHx8IHRydWUKICBkb25lCmZpCmZpcmV3YWxsLWNtZCAtLXJlbG9hZCB8fCB0cnVlCgpydW51c2VyIC1sIG9wYyAtYyAnbWtkaXIgLXAgfi9tY3Atb2NpLWNsb3VkJwpydW51c2VyIC1sIG9wYyAtYyAnaWYgWyAhIC1kIH4vbWNwLW9jaS1jbG91ZC9yZXBvIF07IHRoZW4gZ2l0IGNsb25lIGh0dHBzOi8vZ2l0aHViLmNvbS9hZGliaXJ6dS9tY3Atb2NpLmdpdCB+L21jcC1vY2ktY2xvdWQvcmVwbzsgZmknCnJ1bnVzZXIgLWwgb3BjIC1jICdjZCB+L21jcC1vY2ktY2xvdWQvcmVwbyAmJiBkb2NrZXIgYnVpbGQgLXQgbWNwLW9jaTpsYXRlc3QgLicKCmNhdCA8PCdDT01QT1NFJyA+L2hvbWUvb3BjL21jcC1vY2ktY2xvdWQvZG9ja2VyLWNvbXBvc2UueW1sCnZlcnNpb246ICIzLjkiCnNlcnZpY2VzOgogIG1jcC1vY2k6CiAgICBpbWFnZTogbWNwLW9jaTpsYXRlc3QKICAgIHJlc3RhcnQ6IHVubGVzcy1zdG9wcGVkCiAgICBlbnZfZmlsZToKICAgICAgLSAuZW52CiAgICBlbnZpcm9ubWVudDoKICAgICAgTUNQX1RSQU5TUE9SVDogc3RyZWFtYWJsZS1odHRwCiAgICAgIE1DUF9IT1NUOiAwLjAuMC4wCiAgICBwb3J0czoKICAgICAgLSAiNzAwMTo3MDAxIgogICAgICAtICI3MDAyOjcwMDIiCiAgICAgIC0gIjcwMDM6NzAwMyIKICAgICAgLSAiNzAwNDo3MDA0IgogICAgICAtICI3MDA1OjcwMDUiCiAgICAgIC0gIjcwMDY6NzAwNiIKICAgICAgLSAiNzAwNzo3MDA3IgogICAgICAtICI3MDA4OjcwMDgiCiAgICAgIC0gIjcwMDk6NzAwOSIKICAgICAgLSAiNzAxMDo3MDEwIgogICAgICAtICI3MDExOjcwMTEiCiAgICAgIC0gIjgwMDA6ODAwMCIKICAgICAgLSAiODAwMTo4MDAxIgogICAgICAtICI4MDAyOjgwMDIiCiAgICAgIC0gIjgwMDM6ODAwMyIKICAgICAgLSAiODAwNDo4MDA0IgogICAgICAtICI4MDA1OjgwMDUiCiAgICAgIC0gIjgwMDY6ODAwNiIKICAgICAgLSAiODAwNzo4MDA3IgogICAgICAtICI4MDA4OjgwMDgiCiAgICAgIC0gIjgwMDk6ODAwOSIKICAgICAgLSAiODAxMDo4MDEwIgogICAgICAtICI4MDExOjgwMTEiCiAgICB2b2x1bWVzOgogICAgICAtIC4vbG9nczovdmFyL2xvZy9tY3AKQ09NUE9TRQoKY2F0IDw8J0JPT1RTVFJBUCcgPi9ob21lL29wYy9tY3Atb2NpLWNsb3VkL2Jvb3RzdHJhcC1tY3Auc2gKIyEvdXNyL2Jpbi9lbnYgYmFzaApzZXQgLWV1byBwaXBlZmFpbAoKV09SS0RJUj0iJChjZCAiJChkaXJuYW1lICIke0JBU0hfU09VUkNFWzBdfSIpIiAmJiBwd2QpIgpFTlZfRklMRT0iJHtXT1JLRElSfS8uZW52IgoKZWNobyAiW2Jvb3RzdHJhcF0gUHJlcGFyaW5nIE1DUC1PQ0kgZW52aXJvbm1lbnQgZmlsZSBhdCAke0VOVl9GSUxFfSIKaWYgW1sgISAtZiAiJHtFTlZfRklMRX0iIF1dOyB0aGVuCiAgdG91Y2ggIiR7RU5WX0ZJTEV9IgogIGNobW9kIDYwMCAiJHtFTlZfRklMRX0iCiAgd2hpbGUgdHJ1ZTsgZG8KICAgIHJlYWQgLXIgLXAgIkVudGVyIGVudiBrZXk9dmFsdWUgKGJsYW5rIHRvIGZpbmlzaCk6ICIgbGluZSB8fCB0cnVlCiAgICBbWyAteiAiJHtsaW5lfSIgXV0gJiYgYnJlYWsKICAgIGlmIFtbICIke2xpbmV9IiAhPSAqPSogXV07IHRoZW4KICAgICAgZWNobyAiSW52YWxpZCBlbnRyeS4gVXNlIEtFWT1WQUxVRSBmb3JtYXQuIgogICAgICBjb250aW51ZQogICAgZmkKICAgIGlmIGdyZXAgLXEgIl4ke2xpbmUlJT0qfT0iICIke0VOVl9GSUxFfSI7IHRoZW4KICAgICAgc2VkIC1pLmJhayAic3xeJHtsaW5lJSU9Kn09Lip8JHtsaW5lfXwiICIke0VOVl9GSUxFfSIKICAgICAgcm0gLWYgIiR7RU5WX0ZJTEV9LmJhayIKICAgIGVsc2UKICAgICAgZWNobyAiJHtsaW5lfSIgPj4iJHtFTlZfRklMRX0iCiAgICBmaQogIGRvbmUKZmkKCmVjaG8gIltib290c3RyYXBdIEVuc3VyaW5nIHN0cmVhbWFibGUgdHJhbnNwb3J0IGRlZmF1bHRzIgpncmVwIC1xICJeTUNQX1RSQU5TUE9SVD0iICIke0VOVl9GSUxFfSIgfHwgZWNobyAiTUNQX1RSQU5TUE9SVD1zdHJlYW1hYmxlLWh0dHAiID4+IiR7RU5WX0ZJTEV9IgpncmVwIC1xICJeTUNQX0hPU1Q9IiAiJHtFTlZfRklMRX0iIHx8IGVjaG8gIk1DUF9IT1NUPTAuMC4wLjAiID4+IiR7RU5WX0ZJTEV9IgoKZWNobyAiW2Jvb3RzdHJhcF0gU3RhcnRpbmcgY29udGFpbmVycyB2aWEgZG9ja2VyIGNvbXBvc2UiCmNkICIke1dPUktESVJ9Igpkb2NrZXIgY29tcG9zZSBkb3duIHx8IHRydWUKZG9ja2VyIGNvbXBvc2UgdXAgLWQKCmVjaG8gIltib290c3RyYXBdIERlcGxveW1lbnQgZmluaXNoZWQuIEFjdGl2ZSBjb250YWluZXJzOiIKZG9ja2VyIGNvbXBvc2UgcHMKQk9PVFNUUkFQCgpjaG93biAtUiBvcGM6b3BjIC9ob21lL29wYy9tY3Atb2NpLWNsb3VkCmNobW9kICt4IC9ob21lL29wYy9tY3Atb2NpLWNsb3VkL2Jvb3RzdHJhcC1tY3Auc2gKCmVjaG8gIltjbG91ZC1pbml0XSBDb21wbGV0ZWQgTUNQLU9DSSBzdHJlYW1hYmxlIHByZXBhcmF0aW9uIgo="
            },
            "platform_config": [],
            "preemptible_instance_config": [],
            "preserve_boot_volume": null,
            "preserve_data_volumes_created_at_launch": null,
            "private_ip": "10.42.1.109",
            "public_ip": "130.61.72.91",
            "region": "eu-frankfurt-1",
            "security_attributes": {},
            "security_attributes_state": "STABLE",
            "shape": "VM.Standard.E4.Flex",
            "shape_config": [
              {
                "baseline_ocpu_utilization": "",
                "gpu_description": "",
                "gpus": 0,
                "local_disk_description": "",
                "local_disks": 0,
                "local_disks_total_size_in_gbs": 0,
                "max_vnic_attachments": 2,
                "memory_in_gbs": 32,
                "networking_bandwidth_in_gbps": 2,
                "nvmes": 0,
                "ocpus": 2,
                "processor_description": "2.55 GHz AMD EPYC™ 7J13 (Milan)",
                "vcpus": 4
              }
            ],
            "source_details": [
              {
                "boot_volume_size_in_gbs": "100",
                "boot_volume_vpus_per_gb": "10",
                "instance_source_image_filter_details": [],
                "is_preserve_boot_volume_enabled": false,
                "kms_key_id": "",
                "source_id": "ocid1.image.oc1.eu-frankfurt-1.aaaaaaaajovmusdfe7lkfsv3fzzn44ac7t35htmzzmnyaawdl4yznw3xdpfa",
                "source_type": "image"
              }
            ],
            "state": "RUNNING",
            "subnet_id": "ocid1.subnet.oc1.eu-frankfurt-1.aaaaaaaa4wqldrvza2x742ctzqrsu5kl2xibbztlezfjivy5b3wx35zmg6kq",
            "system_tags": {},
            "time_created": "2025-10-22 13:48:31.751 +0000 UTC",
            "time_maintenance_reboot_due": "",
            "timeouts": null,
            "update_operation_constraint": null
          },
          "sensitive_attributes": [],
          "private": "eyJlMmJmYjczMC1lY2FhLTExZTYtOGY4OC0zNDM2M2JjN2M0YzAiOnsiY3JlYXRlIjoyNzAwMDAwMDAwMDAwLCJkZWxldGUiOjQ1MDAwMDAwMDAwMDAsInVwZGF0ZSI6MjcwMDAwMDAwMDAwMH19",
          "dependencies": [
            "data.oci_core_images.oracle_linux",
            "data.oci_core_images.oracle_linux_anyshape",
            "data.oci_identity_availability_domains.ads",
            "oci_core_internet_gateway.igw",
            "oci_core_network_security_group.mcp",
            "oci_core_network_security_group_security_rule.egress_all",
            "oci_core_network_security_group_security_rule.ingress_ports",
            "oci_core_route_table.rt",
            "oci_core_subnet.public",
            "oci_core_vcn.mcp"
          ]
        }
      ]
    },
    {
      "mode": "managed",
      "type": "oci_core_internet_gateway",
      "name": "igw",
      "provider": "provider[\"registry.terraform.io/oracle/oci\"]",
      "instances": [
        {
          "schema_version": 0,
          "attributes": {
            "compartment_id": "ocid1.compartment.oc1..aaaaaaaagy3yddkkampnhj3cqm5ar7w2p7tuq5twbojyycvol6wugfav3ckq",
            "defined_tags": {
              "CCA_Basic_Tag.email": "oracleidentitycloudservice/alexandru.birzu@oracle.com",
              "Oracle-Standard.CostCenter": "Specialists",
              "Oracle_Tags.CreatedBy": "oracleidentitycloudservice/alexandru.birzu@oracle.com",
              "Oracle_Tags.CreatedOn": "2025-10-22T07:50:52.029Z"
            },
            "display_name": "mcp-oci-igw",
            "enabled": true,
            "freeform_tags": {},
            "id": "ocid1.internetgateway.oc1.eu-frankfurt-1.aaaaaaaajzjqp7xcqbaghi23glstg4owv45ioxye5jaezbib62nqd42fxsma",
            "route_table_id": null,
            "state": "AVAILABLE",
            "time_created": "2025-10-22 07:50:52.067 +0000 UTC",
            "timeouts": null,
            "vcn_id": "ocid1.vcn.oc1.eu-frankfurt-1.amaaaaaattkvkkiamcsa6rdgsahz6mkdhmabz6672mwg66mmk2oumctk42ia"
          },
          "sensitive_attributes": [],
          "private": "eyJlMmJmYjczMC1lY2FhLTExZTYtOGY4OC0zNDM2M2JjN2M0YzAiOnsiY3JlYXRlIjoxMjAwMDAwMDAwMDAwLCJkZWxldGUiOjEyMDAwMDAwMDAwMDAsInVwZGF0ZSI6MTIwMDAwMDAwMDAwMH19",
          "dependencies": [
            "oci_core_vcn.mcp"
          ]
        }
      ]
    },
    {
      "mode": "managed",
      "type": "oci_core_network_security_group",
      "name": "mcp",
      "provider": "provider[\"registry.terraform.io/oracle/oci\"]",
      "instances": [
        {
          "schema_version": 0,
          "attributes": {
            "compartment_id": "ocid1.compartment.oc1..aaaaaaaagy3yddkkampnhj3cqm5ar7w2p7tuq5twbojyycvol6wugfav3ckq",
            "defined_tags": {
              "CCA_Basic_Tag.email": "oracleidentitycloudservice/alexandru.birzu@oracle.com",
              "Oracle-Standard.CostCenter": "Specialists",
              "Oracle_Tags.CreatedBy": "oracleidentitycloudservice/alexandru.birzu@oracle.com",
              "Oracle_Tags.CreatedOn": "2025-10-22T07:50:52.129Z"
            },
            "display_name": "mcp-oci-nsg",
            "freeform_tags": {},
            "id": "ocid1.networksecuritygroup.oc1.eu-frankfurt-1.aaaaaaaaxfnvl2pilg5lhlfinjyzj6v7iht3372e7cttlpamqdc2h5gezgca",
            "state": "AVAILABLE",
            "time_created": "2025-10-22 07:50:52.336 +0000 UTC",
            "timeouts": null,
            "vcn_id": "ocid1.vcn.oc1.eu-frankfurt-1.amaaaaaattkvkkiamcsa6rdgsahz6mkdhmabz6672mwg66mmk2oumctk42ia"
          },
          "sensitive_attributes": [],
          "private": "eyJlMmJmYjczMC1lY2FhLTExZTYtOGY4OC0zNDM2M2JjN2M0YzAiOnsiY3JlYXRlIjoxMjAwMDAwMDAwMDAwLCJkZWxldGUiOjEyMDAwMDAwMDAwMDAsInVwZGF0ZSI6MTIwMDAwMDAwMDAwMH19",
          "dependencies": [
            "oci_core_vcn.mcp"
          ]
        }
      ]
    },
    {
      "mode": "managed",
      "type": "oci_core_network_security_group_security_rule",
      "name": "egress_all",
      "provider": "provider[\"registry.terraform.io/oracle/oci\"]",
      "instances": [
        {
          "schema_version": 0,
          "attributes": {
            "description": "Allow all outbound traffic",
            "destination": "0.0.0.0/0",
            "destination_type": "CIDR_BLOCK",
            "direction": "EGRESS",
            "icmp_options": [],
            "id": "19B668",
            "is_valid": true,
            "network_security_group_id": "ocid1.networksecuritygroup.oc1.eu-frankfurt-1.aaaaaaaaxfnvl2pilg5lhlfinjyzj6v7iht3372e7cttlpamqdc2h5gezgca",
            "protocol": "all",
            "source": null,
            "source_type": "",
            "stateless": false,
            "tcp_options": [],
            "time_created": "2025-10-22 07:50:52.663 +0000 UTC",
            "timeouts": null,
            "udp_options": []
          },
          "sensitive_attributes": [],
          "private": "eyJlMmJmYjczMC1lY2FhLTExZTYtOGY4OC0zNDM2M2JjN2M0YzAiOnsiY3JlYXRlIjoxMjAwMDAwMDAwMDAwLCJkZWxldGUiOjEyMDAwMDAwMDAwMDAsInVwZGF0ZSI6MTIwMDAwMDAwMDAwMH19",
          "dependencies": [
            "oci_core_network_security_group.mcp",
            "oci_core_vcn.mcp"
          ]
        }
      ]
    },
    {
      "mode": "managed",
      "type": "oci_core_network_security_group_security_rule",
      "name": "ingress_ports",
      "provider": "provider[\"registry.terraform.io/oracle/oci\"]",
      "instances": [
        {
          "index_key": "7001",
          "schema_version": 0,
          "attributes": {
            "description": "Allow TCP port 7001",
            "destination": null,
            "destination_type": "",
            "direction": "INGRESS",
            "icmp_options": [],
            "id": "AE774A",
            "is_valid": true,
            "network_security_group_id": "ocid1.networksecuritygroup.oc1.eu-frankfurt-1.aaaaaaaaxfnvl2pilg5lhlfinjyzj6v7iht3372e7cttlpamqdc2h5gezgca",
            "protocol": "6",
            "source": "82.77.116.29/32",
            "source_type": "CIDR_BLOCK",
            "stateless": false,
            "tcp_options": [
              {
                "destination_port_range": [
                  {
                    "max": 7001,
                    "min": 7001
                  }
                ],
                "source_port_range": []
              }
            ],
            "time_created": "2025-10-22 07:50:55.338 +0000 UTC",
            "timeouts": null,
            "udp_options": []
          },
          "sensitive_attributes": [],
          "private": "eyJlMmJmYjczMC1lY2FhLTExZTYtOGY4OC0zNDM2M2JjN2M0YzAiOnsiY3JlYXRlIjoxMjAwMDAwMDAwMDAwLCJkZWxldGUiOjEyMDAwMDAwMDAwMDAsInVwZGF0ZSI6MTIwMDAwMDAwMDAwMH19",
          "dependencies": [
            "oci_core_network_security_group.mcp",
            "oci_core_vcn.mcp"
          ]
        },
        {
          "index_key": "7002",
          "schema_version": 0,
          "attributes": {
            "description": "Allow TCP port 7002",
            "destination": null,
            "destination_type": "",
            "direction": "INGRESS",
            "icmp_options": [],
            "id": "069DE4",
            "is_valid": true,
            "network_security_group_id": "ocid1.networksecuritygroup.oc1.eu-frankfurt-1.aaaaaaaaxfnvl2pilg5lhlfinjyzj6v7iht3372e7cttlpamqdc2h5gezgca",
            "protocol": "6",
            "source": "82.77.116.29/32",
            "source_type": "CIDR_BLOCK",
            "stateless": false,
            "tcp_options": [
              {
                "destination_port_range": [
                  {
                    "max": 7002,
                    "min": 7002
                  }
                ],
                "source_port_range": []
              }
            ],
            "time_created": "2025-10-22 07:50:53.678 +0000 UTC",
            "timeouts": null,
            "udp_options": []
          },
          "sensitive_attributes": [],
          "private": "eyJlMmJmYjczMC1lY2FhLTExZTYtOGY4OC0zNDM2M2JjN2M0YzAiOnsiY3JlYXRlIjoxMjAwMDAwMDAwMDAwLCJkZWxldGUiOjEyMDAwMDAwMDAwMDAsInVwZGF0ZSI6MTIwMDAwMDAwMDAwMH19",
          "dependencies": [
            "oci_core_network_security_group.mcp",
            "oci_core_vcn.mcp"
          ]
        },
        {
          "index_key": "7003",
          "schema_version": 0,
          "attributes": {
            "description": "Allow TCP port 7003",
            "destination": null,
            "destination_type": "",
            "direction": "INGRESS",
            "icmp_options": [],
            "id": "4CD6C9",
            "is_valid": true,
            "network_security_group_id": "ocid1.networksecuritygroup.oc1.eu-frankfurt-1.aaaaaaaaxfnvl2pilg5lhlfinjyzj6v7iht3372e7cttlpamqdc2h5gezgca",
            "protocol": "6",
            "source": "82.77.116.29/32",
            "source_type": "CIDR_BLOCK",
            "stateless": false,
            "tcp_options": [
              {
                "destination_port_range": [
                  {
                    "max": 7003,
                    "min": 7003
                  }
                ],
                "source_port_range": []
              }
            ],
            "time_created": "2025-10-22 07:50:53.01 +0000 UTC",
            "timeouts": null,
            "udp_options": []
          },
          "sensitive_attributes": [],
          "private": "eyJlMmJmYjczMC1lY2FhLTExZTYtOGY4OC0zNDM2M2JjN2M0YzAiOnsiY3JlYXRlIjoxMjAwMDAwMDAwMDAwLCJkZWxldGUiOjEyMDAwMDAwMDAwMDAsInVwZGF0ZSI6MTIwMDAwMDAwMDAwMH19",
          "dependencies": [
            "oci_core_network_security_group.mcp",
            "oci_core_vcn.mcp"
          ]
        },
        {
          "index_key": "7004",
          "schema_version": 0,
          "attributes": {
            "description": "Allow TCP port 7004",
            "destination": null,
            "destination_type": "",
            "direction": "INGRESS",
            "icmp_options": [],
            "id": "A31E31",
            "is_valid": true,
            "network_security_group_id": "ocid1.networksecuritygroup.oc1.eu-frankfurt-1.aaaaaaaaxfnvl2pilg5lhlfinjyzj6v7iht3372e7cttlpamqdc2h5gezgca",
            "protocol": "6",
            "source": "82.77.116.29/32",
            "source_type": "CIDR_BLOCK",
            "stateless": false,
            "tcp_options": [
              {
                "destination_port_range": [
                  {
                    "max": 7004,
                    "min": 7004
                  }
                ],
                "source_port_range": []
              }
            ],
            "time_created": "2025-10-22 07:50:54.238 +0000 UTC",
            "timeouts": null,
            "udp_options": []
          },
          "sensitive_attributes": [],
          "private": "eyJlMmJmYjczMC1lY2FhLTExZTYtOGY4OC0zNDM2M2JjN2M0YzAiOnsiY3JlYXRlIjoxMjAwMDAwMDAwMDAwLCJkZWxldGUiOjEyMDAwMDAwMDAwMDAsInVwZGF0ZSI6MTIwMDAwMDAwMDAwMH19",
          "dependencies": [
            "oci_core_network_security_group.mcp",
            "oci_core_vcn.mcp"
          ]
        },
        {
          "index_key": "7005",
          "schema_version": 0,
          "attributes": {
            "description": "Allow TCP port 7005",
            "destination": null,
            "destination_type": "",
            "direction": "INGRESS",
            "icmp_options": [],
            "id": "882148",
            "is_valid": true,
            "network_security_group_id": "ocid1.networksecuritygroup.oc1.eu-frankfurt-1.aaaaaaaaxfnvl2pilg5lhlfinjyzj6v7iht3372e7cttlpamqdc2h5gezgca",
            "protocol": "6",
            "source": "82.77.116.29/32",
            "source_type": "CIDR_BLOCK",
            "stateless": false,
            "tcp_options": [
              {
                "destination_port_range": [
                  {
                    "max": 7005,
                    "min": 7005
                  }
                ],
                "source_port_range": []
              }
            ],
            "time_created": "2025-10-22 07:50:54.547 +0000 UTC",
            "timeouts": null,
            "udp_options": []
          },
          "sensitive_attributes": [],
          "private": "eyJlMmJmYjczMC1lY2FhLTExZTYtOGY4OC0zNDM2M2JjN2M0YzAiOnsiY3JlYXRlIjoxMjAwMDAwMDAwMDAwLCJkZWxldGUiOjEyMDAwMDAwMDAwMDAsInVwZGF0ZSI6MTIwMDAwMDAwMDAwMH19",
          "dependencies": [
            "oci_core_network_security_group.mcp",
            "oci_core_vcn.mcp"
          ]
        },
        {
          "index_key": "7006",
          "schema_version": 0,
          "attributes": {
            "description": "Allow TCP port 7006",
            "destination": null,
            "destination_type": "",
            "direction": "INGRESS",
            "icmp_options": [],
            "id": "02A56F",
            "is_valid": true,
            "network_security_group_id": "ocid1.networksecuritygroup.oc1.eu-frankfurt-1.aaaaaaaaxfnvl2pilg5lhlfinjyzj6v7iht3372e7cttlpamqdc2h5gezgca",
            "protocol": "6",
            "source": "82.77.116.29/32",
            "source_type": "CIDR_BLOCK",
            "stateless": false,
            "tcp_options": [
              {
                "destination_port_range": [
                  {
                    "max": 7006,
                    "min": 7006
                  }
                ],
                "source_port_range": []
              }
            ],
            "time_created": "2025-10-22 07:50:54.083 +0000 UTC",
            "timeouts": null,
            "udp_options": []
          },
          "sensitive_attributes": [],
          "private": "eyJlMmJmYjczMC1lY2FhLTExZTYtOGY4OC0zNDM2M2JjN2M0YzAiOnsiY3JlYXRlIjoxMjAwMDAwMDAwMDAwLCJkZWxldGUiOjEyMDAwMDAwMDAwMDAsInVwZGF0ZSI6MTIwMDAwMDAwMDAwMH19",
          "dependencies": [
            "oci_core_network_security_group.mcp",
            "oci_core_vcn.mcp"
          ]
        },
        {
          "index_key": "7007",
          "schema_version": 0,
          "attributes": {
            "description": "Allow TCP port 7007",
            "destination": null,
            "destination_type": "",
            "direction": "INGRESS",
            "icmp_options": [],
            "id": "7D8CC8",
            "is_valid": true,
            "network_security_group_id": "ocid1.networksecuritygroup.oc1.eu-frankfurt-1.aaaaaaaaxfnvl2pilg5lhlfinjyzj6v7iht3372e7cttlpamqdc2h5gezgca",
            "protocol": "6",
            "source": "82.77.116.29/32",
            "source_type": "CIDR_BLOCK",
            "stateless": false,
            "tcp_options": [
              {
                "destination_port_range": [
                  {
                    "max": 7007,
                    "min": 7007
                  }
                ],
                "source_port_range": []
              }
            ],
            "time_created": "2025-10-22 07:50:53.146 +0000 UTC",
            "timeouts": null,
            "udp_options": []
          },
          "sensitive_attributes": [],
          "private": "eyJlMmJmYjczMC1lY2FhLTExZTYtOGY4OC0zNDM2M2JjN2M0YzAiOnsiY3JlYXRlIjoxMjAwMDAwMDAwMDAwLCJkZWxldGUiOjEyMDAwMDAwMDAwMDAsInVwZGF0ZSI6MTIwMDAwMDAwMDAwMH19",
          "dependencies": [
            "oci_core_network_security_group.mcp",
            "oci_core_vcn.mcp"
          ]
        },
        {
          "index_key": "7008",
          "schema_version": 0,
          "attributes": {
            "description": "Allow TCP port 7008",
            "destination": null,
            "destination_type": "",
            "direction": "INGRESS",
            "icmp_options": [],
            "id": "5CD2D1",
            "is_valid": true,
            "network_security_group_id": "ocid1.networksecuritygroup.oc1.eu-frankfurt-1.aaaaaaaaxfnvl2pilg5lhlfinjyzj6v7iht3372e7cttlpamqdc2h5gezgca",
            "protocol": "6",
            "source": "82.77.116.29/32",
            "source_type": "CIDR_BLOCK",
            "stateless": false,
            "tcp_options": [
              {
                "destination_port_range": [
                  {
                    "max": 7008,
                    "min": 7008
                  }
                ],
                "source_port_range": []
              }
            ],
            "time_created": "2025-10-22 07:50:52.777 +0000 UTC",
            "timeouts": null,
            "udp_options": []
          },
          "sensitive_attributes": [],
          "private": "eyJlMmJmYjczMC1lY2FhLTExZTYtOGY4OC0zNDM2M2JjN2M0YzAiOnsiY3JlYXRlIjoxMjAwMDAwMDAwMDAwLCJkZWxldGUiOjEyMDAwMDAwMDAwMDAsInVwZGF0ZSI6MTIwMDAwMDAwMDAwMH19",
          "dependencies": [
            "oci_core_network_security_group.mcp",
            "oci_core_vcn.mcp"
          ]
        },
        {
          "index_key": "7009",
          "schema_version": 0,
          "attributes": {
            "description": "Allow TCP port 7009",
            "destination": null,
            "destination_type": "",
            "direction": "INGRESS",
            "icmp_options": [],
            "id": "4ECABA",
            "is_valid": true,
            "network_security_group_id": "ocid1.networksecuritygroup.oc1.eu-frankfurt-1.aaaaaaaaxfnvl2pilg5lhlfinjyzj6v7iht3372e7cttlpamqdc2h5gezgca",
            "protocol": "6",
            "source": "82.77.116.29/32",
            "source_type": "CIDR_BLOCK",
            "stateless": false,
            "tcp_options": [
              {
                "destination_port_range": [
                  {
                    "max": 7009,
                    "min": 7009
                  }
                ],
                "source_port_range": []
              }
            ],
            "time_created": "2025-10-22 07:50:53.785 +0000 UTC",
            "timeouts": null,
            "udp_options": []
          },
          "sensitive_attributes": [],
          "private": "eyJlMmJmYjczMC1lY2FhLTExZTYtOGY4OC0zNDM2M2JjN2M0YzAiOnsiY3JlYXRlIjoxMjAwMDAwMDAwMDAwLCJkZWxldGUiOjEyMDAwMDAwMDAwMDAsInVwZGF0ZSI6MTIwMDAwMDAwMDAwMH19",
          "dependencies": [
            "oci_core_network_security_group.mcp",
            "oci_core_vcn.mcp"
          ]
        },
        {
          "index_key": "7010",
          "schema_version": 0,
          "attributes": {
            "description": "Allow TCP port 7010",
            "destination": null,
            "destination_type": "",
            "direction": "INGRESS",
            "icmp_options": [],
            "id": "604223",
            "is_valid": true,
            "network_security_group_id": "ocid1.networksecuritygroup.oc1.eu-frankfurt-1.aaaaaaaaxfnvl2pilg5lhlfinjyzj6v7iht3372e7cttlpamqdc2h5gezgca",
            "protocol": "6",
            "source": "82.77.116.29/32",
            "source_type": "CIDR_BLOCK",
            "stateless": false,
            "tcp_options": [
              {
                "destination_port_range": [
                  {
                    "max": 7010,
                    "min": 7010
                  }
                ],
                "source_port_range": []
              }
            ],
            "time_created": "2025-10-22 07:50:53.241 +0000 UTC",
            "timeouts": null,
            "udp_options": []
          },
          "sensitive_attributes": [],
          "private": "eyJlMmJmYjczMC1lY2FhLTExZTYtOGY4OC0zNDM2M2JjN2M0YzAiOnsiY3JlYXRlIjoxMjAwMDAwMDAwMDAwLCJkZWxldGUiOjEyMDAwMDAwMDAwMDAsInVwZGF0ZSI6MTIwMDAwMDAwMDAwMH19",
          "dependencies": [
            "oci_core_network_security_group.mcp",
            "oci_core_vcn.mcp"
          ]
        },
        {
          "index_key": "7011",
          "schema_version": 0,
          "attributes": {
            "description": "Allow TCP port 7011",
            "destination": null,
            "destination_type": "",
            "direction": "INGRESS",
            "icmp_options": [],
            "id": "A070C7",
            "is_valid": true,
            "network_security_group_id": "ocid1.networksecuritygroup.oc1.eu-frankfurt-1.aaaaaaaaxfnvl2pilg5lhlfinjyzj6v7iht3372e7cttlpamqdc2h5gezgca",
            "protocol": "6",
            "source": "82.77.116.29/32",
            "source_type": "CIDR_BLOCK",
            "stateless": false,
            "tcp_options": [
              {
                "destination_port_range": [
                  {
                    "max": 7011,
                    "min": 7011
                  }
                ],
                "source_port_range": []
              }
            ],
            "time_created": "2025-10-22 07:50:53.872 +0000 UTC",
            "timeouts": null,
            "udp_options": []
          },
          "sensitive_attributes": [],
          "private": "eyJlMmJmYjczMC1lY2FhLTExZTYtOGY4OC0zNDM2M2JjN2M0YzAiOnsiY3JlYXRlIjoxMjAwMDAwMDAwMDAwLCJkZWxldGUiOjEyMDAwMDAwMDAwMDAsInVwZGF0ZSI6MTIwMDAwMDAwMDAwMH19",
          "dependencies": [
            "oci_core_network_security_group.mcp",
            "oci_core_vcn.mcp"
          ]
        },
        {
          "index_key": "8000",
          "schema_version": 0,
          "attributes": {
            "description": "Allow TCP port 8000",
            "destination": null,
            "destination_type": "",
            "direction": "INGRESS",
            "icmp_options": [],
            "id": "8D6582",
            "is_valid": true,
            "network_security_group_id": "ocid1.networksecuritygroup.oc1.eu-frankfurt-1.aaaaaaaaxfnvl2pilg5lhlfinjyzj6v7iht3372e7cttlpamqdc2h5gezgca",
            "protocol": "6",
            "source": "82.77.116.29/32",
            "source_type": "CIDR_BLOCK",
            "stateless": false,
            "tcp_options": [
              {
                "destination_port_range": [
                  {
                    "max": 8000,
                    "min": 8000
                  }
                ],
                "source_port_range": []
              }
            ],
            "time_created": "2025-10-22 07:50:55.631 +0000 UTC",
            "timeouts": null,
            "udp_options": []
          },
          "sensitive_attributes": [],
          "private": "eyJlMmJmYjczMC1lY2FhLTExZTYtOGY4OC0zNDM2M2JjN2M0YzAiOnsiY3JlYXRlIjoxMjAwMDAwMDAwMDAwLCJkZWxldGUiOjEyMDAwMDAwMDAwMDAsInVwZGF0ZSI6MTIwMDAwMDAwMDAwMH19",
          "dependencies": [
            "oci_core_network_security_group.mcp",
            "oci_core_vcn.mcp"
          ]
        },
        {
          "index_key": "8001",
          "schema_version": 0,
          "attributes": {
            "description": "Allow TCP port 8001",
            "destination": null,
            "destination_type": "",
            "direction": "INGRESS",
            "icmp_options": [],
            "id": "19C69A",
            "is_valid": true,
            "network_security_group_id": "ocid1.networksecuritygroup.oc1.eu-frankfurt-1.aaaaaaaaxfnvl2pilg5lhlfinjyzj6v7iht3372e7cttlpamqdc2h5gezgca",
            "protocol": "6",
            "source": "82.77.116.29/32",
            "source_type": "CIDR_BLOCK",
            "stateless": false,
            "tcp_options": [
              {
                "destination_port_range": [
                  {
                    "max": 8001,
                    "min": 8001
                  }
                ],
                "source_port_range": []
              }
            ],
            "time_created": "2025-10-22 07:50:55.056 +0000 UTC",
            "timeouts": null,
            "udp_options": []
          },
          "sensitive_attributes": [],
          "private": "eyJlMmJmYjczMC1lY2FhLTExZTYtOGY4OC0zNDM2M2JjN2M0YzAiOnsiY3JlYXRlIjoxMjAwMDAwMDAwMDAwLCJkZWxldGUiOjEyMDAwMDAwMDAwMDAsInVwZGF0ZSI6MTIwMDAwMDAwMDAwMH19",
          "dependencies": [
            "oci_core_network_security_group.mcp",
            "oci_core_vcn.mcp"
          ]
        },
        {
          "index_key": "8002",
          "schema_version": 0,
          "attributes": {
            "description": "Allow TCP port 8002",
            "destination": null,
            "destination_type": "",
            "direction": "INGRESS",
            "icmp_options": [],
            "id": "4B88E4",
            "is_valid": true,
            "network_security_group_id": "ocid1.networksecuritygroup.oc1.eu-frankfurt-1.aaaaaaaaxfnvl2pilg5lhlfinjyzj6v7iht3372e7cttlpamqdc2h5gezgca",
            "protocol": "6",
            "source": "82.77.116.29/32",
            "source_type": "CIDR_BLOCK",
            "stateless": false,
            "tcp_options": [
              {
                "destination_port_range": [
                  {
                    "max": 8002,
                    "min": 8002
                  }
                ],
                "source_port_range": []
              }
            ],
            "time_created": "2025-10-22 07:50:52.889 +0000 UTC",
            "timeouts": null,
            "udp_options": []
          },
          "sensitive_attributes": [],
          "private": "eyJlMmJmYjczMC1lY2FhLTExZTYtOGY4OC0zNDM2M2JjN2M0YzAiOnsiY3JlYXRlIjoxMjAwMDAwMDAwMDAwLCJkZWxldGUiOjEyMDAwMDAwMDAwMDAsInVwZGF0ZSI6MTIwMDAwMDAwMDAwMH19",
          "dependencies": [
            "oci_core_network_security_group.mcp",
            "oci_core_vcn.mcp"
          ]
        },
        {
          "index_key": "8003",
          "schema_version": 0,
          "attributes": {
            "description": "Allow TCP port 8003",
            "destination": null,
            "destination_type": "",
            "direction": "INGRESS",
            "icmp_options": [],
            "id": "22DA8D",
            "is_valid": true,
            "network_security_group_id": "ocid1.networksecuritygroup.oc1.eu-frankfurt-1.aaaaaaaaxfnvl2pilg5lhlfinjyzj6v7iht3372e7cttlpamqdc2h5gezgca",
            "protocol": "6",
            "source": "82.77.116.29/32",
            "source_type": "CIDR_BLOCK",
            "stateless": false,
            "tcp_options": [
              {
                "destination_port_range": [
                  {
                    "max": 8003,
                    "min": 8003
                  }
                ],
                "source_port_range": []
              }
            ],
            "time_created": "2025-10-22 07:50:53.597 +0000 UTC",
            "timeouts": null,
            "udp_options": []
          },
          "sensitive_attributes": [],
          "private": "eyJlMmJmYjczMC1lY2FhLTExZTYtOGY4OC0zNDM2M2JjN2M0YzAiOnsiY3JlYXRlIjoxMjAwMDAwMDAwMDAwLCJkZWxldGUiOjEyMDAwMDAwMDAwMDAsInVwZGF0ZSI6MTIwMDAwMDAwMDAwMH19",
          "dependencies": [
            "oci_core_network_security_group.mcp",
            "oci_core_vcn.mcp"
          ]
        },
        {
          "index_key": "8004",
          "schema_version": 0,
          "attributes": {
            "description": "Allow TCP port 8004",
            "destination": null,
            "destination_type": "",
            "direction": "INGRESS",
            "icmp_options": [],
            "id": "EF2673",
            "is_valid": true,
            "network_security_group_id": "ocid1.networksecuritygroup.oc1.eu-frankfurt-1.aaaaaaaaxfnvl2pilg5lhlfinjyzj6v7iht3372e7cttlpamqdc2h5gezgca",
            "protocol": "6",
            "source": "82.77.116.29/32",
            "source_type": "CIDR_BLOCK",
            "stateless": false,
            "tcp_options": [
              {
                "destination_port_range": [
                  {
                    "max": 8004,
                    "min": 8004
                  }
                ],
                "source_port_range": []
              }
            ],
            "time_created": "2025-10-22 07:50:54.719 +0000 UTC",
            "timeouts": null,
            "udp_options": []
          },
          "sensitive_attributes": [],
          "private": "eyJlMmJmYjczMC1lY2FhLTExZTYtOGY4OC0zNDM2M2JjN2M0YzAiOnsiY3JlYXRlIjoxMjAwMDAwMDAwMDAwLCJkZWxldGUiOjEyMDAwMDAwMDAwMDAsInVwZGF0ZSI6MTIwMDAwMDAwMDAwMH19",
          "dependencies": [
            "oci_core_network_security_group.mcp",
            "oci_core_vcn.mcp"
          ]
        },
        {
          "index_key": "8005",
          "schema_version": 0,
          "attributes": {
            "description": "Allow TCP port 8005",
            "destination": null,
            "destination_type": "",
            "direction": "INGRESS",
            "icmp_options": [],
            "id": "7497A2",
            "is_valid": true,
            "network_security_group_id": "ocid1.networksecuritygroup.oc1.eu-frankfurt-1.aaaaaaaaxfnvl2pilg5lhlfinjyzj6v7iht3372e7cttlpamqdc2h5gezgca",
            "protocol": "6",
            "source": "82.77.116.29/32",
            "source_type": "CIDR_BLOCK",
            "stateless": false,
            "tcp_options": [
              {
                "destination_port_range": [
                  {
                    "max": 8005,
                    "min": 8005
                  }
                ],
                "source_port_range": []
              }
            ],
            "time_created": "2025-10-22 07:50:54.834 +0000 UTC",
            "timeouts": null,
            "udp_options": []
          },
          "sensitive_attributes": [],
          "private": "eyJlMmJmYjczMC1lY2FhLTExZTYtOGY4OC0zNDM2M2JjN2M0YzAiOnsiY3JlYXRlIjoxMjAwMDAwMDAwMDAwLCJkZWxldGUiOjEyMDAwMDAwMDAwMDAsInVwZGF0ZSI6MTIwMDAwMDAwMDAwMH19",
          "dependencies": [
            "oci_core_network_security_group.mcp",
            "oci_core_vcn.mcp"
          ]
        },
        {
          "index_key": "8006",
          "schema_version": 0,
          "attributes": {
            "description": "Allow TCP port 8006",
            "destination": null,
            "destination_type": "",
            "direction": "INGRESS",
            "icmp_options": [],
            "id": "3E2E85",
            "is_valid": true,
            "network_security_group_id": "ocid1.networksecuritygroup.oc1.eu-frankfurt-1.aaaaaaaaxfnvl2pilg5lhlfinjyzj6v7iht3372e7cttlpamqdc2h5gezgca",
            "protocol": "6",
            "source": "82.77.116.29/32",
            "source_type": "CIDR_BLOCK",
            "stateless": false,
            "tcp_options": [
              {
                "destination_port_range": [
                  {
                    "max": 8006,
                    "min": 8006
                  }
                ],
                "source_port_range": []
              }
            ],
            "time_created": "2025-10-22 07:50:54.354 +0000 UTC",
            "timeouts": null,
            "udp_options": []
          },
          "sensitive_attributes": [],
          "private": "eyJlMmJmYjczMC1lY2FhLTExZTYtOGY4OC0zNDM2M2JjN2M0YzAiOnsiY3JlYXRlIjoxMjAwMDAwMDAwMDAwLCJkZWxldGUiOjEyMDAwMDAwMDAwMDAsInVwZGF0ZSI6MTIwMDAwMDAwMDAwMH19",
          "dependencies": [
            "oci_core_network_security_group.mcp",
            "oci_core_vcn.mcp"
          ]
        },
        {
          "index_key": "8007",
          "schema_version": 0,
          "attributes": {
            "description": "Allow TCP port 8007",
            "destination": null,
            "destination_type": "",
            "direction": "INGRESS",
            "icmp_options": [],
            "id": "A04574",
            "is_valid": true,
            "network_security_group_id": "ocid1.networksecuritygroup.oc1.eu-frankfurt-1.aaaaaaaaxfnvl2pilg5lhlfinjyzj6v7iht3372e7cttlpamqdc2h5gezgca",
            "protocol": "6",
            "source": "82.77.116.29/32",
            "source_type": "CIDR_BLOCK",
            "stateless": false,
            "tcp_options": [
              {
                "destination_port_range": [
                  {
                    "max": 8007,
                    "min": 8007
                  }
                ],
                "source_port_range": []
              }
            ],
            "time_created": "2025-10-22 07:50:53.949 +0000 UTC",
            "timeouts": null,
            "udp_options": []
          },
          "sensitive_attributes": [],
          "private": "eyJlMmJmYjczMC1lY2FhLTExZTYtOGY4OC0zNDM2M2JjN2M0YzAiOnsiY3JlYXRlIjoxMjAwMDAwMDAwMDAwLCJkZWxldGUiOjEyMDAwMDAwMDAwMDAsInVwZGF0ZSI6MTIwMDAwMDAwMDAwMH19",
          "dependencies": [
            "oci_core_network_security_group.mcp",
            "oci_core_vcn.mcp"
          ]
        },
        {
          "index_key": "8008",
          "schema_version": 0,
          "attributes": {
            "description": "Allow TCP port 8008",
            "destination": null,
            "destination_type": "",
            "direction": "INGRESS",
            "icmp_options": [],
            "id": "230880",
            "is_valid": true,
            "network_security_group_id": "ocid1.networksecuritygroup.oc1.eu-frankfurt-1.aaaaaaaaxfnvl2pilg5lhlfinjyzj6v7iht3372e7cttlpamqdc2h5gezgca",
            "protocol": "6",
            "source": "82.77.116.29/32",
            "source_type": "CIDR_BLOCK",
            "stateless": false,
            "tcp_options": [
              {
                "destination_port_range": [
                  {
                    "max": 8008,
                    "min": 8008
                  }
                ],
                "source_port_range": []
              }
            ],
            "time_created": "2025-10-22 07:50:53.408 +0000 UTC",
            "timeouts": null,
            "udp_options": []
          },
          "sensitive_attributes": [],
          "private": "eyJlMmJmYjczMC1lY2FhLTExZTYtOGY4OC0zNDM2M2JjN2M0YzAiOnsiY3JlYXRlIjoxMjAwMDAwMDAwMDAwLCJkZWxldGUiOjEyMDAwMDAwMDAwMDAsInVwZGF0ZSI6MTIwMDAwMDAwMDAwMH19",
          "dependencies": [
            "oci_core_network_security_group.mcp",
            "oci_core_vcn.mcp"
          ]
        },
        {
          "index_key": "8009",
          "schema_version": 0,
          "attributes": {
            "description": "Allow TCP port 8009",
            "destination": null,
            "destination_type": "",
            "direction": "INGRESS",
            "icmp_options": [],
            "id": "3EF119",
            "is_valid": true,
            "network_security_group_id": "ocid1.networksecuritygroup.oc1.eu-frankfurt-1.aaaaaaaaxfnvl2pilg5lhlfinjyzj6v7iht3372e7cttlpamqdc2h5gezgca",
            "protocol": "6",
            "source": "82.77.116.29/32",
            "source_type": "CIDR_BLOCK",
            "stateless": false,
            "tcp_options": [
              {
                "destination_port_range": [
                  {
                    "max": 8009,
                    "min": 8009
                  }
                ],
                "source_port_range": []
              }
            ],
            "time_created": "2025-10-22 07:50:55.971 +0000 UTC",
            "timeouts": null,
            "udp_options": []
          },
          "sensitive_attributes": [],
          "private": "eyJlMmJmYjczMC1lY2FhLTExZTYtOGY4OC0zNDM2M2JjN2M0YzAiOnsiY3JlYXRlIjoxMjAwMDAwMDAwMDAwLCJkZWxldGUiOjEyMDAwMDAwMDAwMDAsInVwZGF0ZSI6MTIwMDAwMDAwMDAwMH19",
          "dependencies": [
            "oci_core_network_security_group.mcp",
            "oci_core_vcn.mcp"
          ]
        },
        {
          "index_key": "8010",
          "schema_version": 0,
          "attributes": {
            "description": "Allow TCP port 8010",
            "destination": null,
            "destination_type": "",
            "direction": "INGRESS",
            "icmp_options": [],
            "id": "36D909",
            "is_valid": true,
            "network_security_group_id": "ocid1.networksecuritygroup.oc1.eu-frankfurt-1.aaaaaaaaxfnvl2pilg5lhlfinjyzj6v7iht3372e7cttlpamqdc2h5gezgca",
            "protocol": "6",
            "source": "82.77.116.29/32",
            "source_type": "CIDR_BLOCK",
            "stateless": false,
            "tcp_options": [
              {
                "destination_port_range": [
                  {
                    "max": 8010,
                    "min": 8010
                  }
                ],
                "source_port_range": []
              }
            ],
            "time_created": "2025-10-22 07:50:56.109 +0000 UTC",
            "timeouts": null,
            "udp_options": []
          },
          "sensitive_attributes": [],
          "private": "eyJlMmJmYjczMC1lY2FhLTExZTYtOGY4OC0zNDM2M2JjN2M0YzAiOnsiY3JlYXRlIjoxMjAwMDAwMDAwMDAwLCJkZWxldGUiOjEyMDAwMDAwMDAwMDAsInVwZGF0ZSI6MTIwMDAwMDAwMDAwMH19",
          "dependencies": [
            "oci_core_network_security_group.mcp",
            "oci_core_vcn.mcp"
          ]
        },
        {
          "index_key": "8011",
          "schema_version": 0,
          "attributes": {
            "description": "Allow TCP port 8011",
            "destination": null,
            "destination_type": "",
            "direction": "INGRESS",
            "icmp_options": [],
            "id": "314D42",
            "is_valid": true,
            "network_security_group_id": "ocid1.networksecuritygroup.oc1.eu-frankfurt-1.aaaaaaaaxfnvl2pilg5lhlfinjyzj6v7iht3372e7cttlpamqdc2h5gezgca",
            "protocol": "6",
            "source": "82.77.116.29/32",
            "source_type": "CIDR_BLOCK",
            "stateless": false,
            "tcp_options": [
              {
                "destination_port_range": [
                  {
                    "max": 8011,
                    "min": 8011
                  }
                ],
                "source_port_range": []
              }
            ],
            "time_created": "2025-10-22 07:50:53.511 +0000 UTC",
            "timeouts": null,
            "udp_options": []
          },
          "sensitive_attributes": [],
          "private": "eyJlMmJmYjczMC1lY2FhLTExZTYtOGY4OC0zNDM2M2JjN2M0YzAiOnsiY3JlYXRlIjoxMjAwMDAwMDAwMDAwLCJkZWxldGUiOjEyMDAwMDAwMDAwMDAsInVwZGF0ZSI6MTIwMDAwMDAwMDAwMH19",
          "dependencies": [
            "oci_core_network_security_group.mcp",
            "oci_core_vcn.mcp"
          ]
        }
      ]
    },
    {
      "mode": "managed",
      "type": "oci_core_route_table",
      "name": "rt",
      "provider": "provider[\"registry.terraform.io/oracle/oci\"]",
      "instances": [
        {
          "schema_version": 0,
          "attributes": {
            "compartment_id": "ocid1.compartment.oc1..aaaaaaaagy3yddkkampnhj3cqm5ar7w2p7tuq5twbojyycvol6wugfav3ckq",
            "defined_tags": {
              "CCA_Basic_Tag.email": "oracleidentitycloudservice/alexandru.birzu@oracle.com",
              "Oracle-Standard.CostCenter": "Specialists",
              "Oracle_Tags.CreatedBy": "oracleidentitycloudservice/alexandru.birzu@oracle.com",
              "Oracle_Tags.CreatedOn": "2025-10-22T07:50:52.525Z"
            },
            "display_name": "mcp-oci-rt",
            "freeform_tags": {},
            "id": "ocid1.routetable.oc1.eu-frankfurt-1.aaaaaaaanzdrs6chspijqj32precrz43xasmls6z4bcyq3auxon5vbm5modq",
            "route_rules": [
              {
                "cidr_block": "",
                "description": "Default route to internet",
                "destination": "0.0.0.0/0",
                "destination_type": "CIDR_BLOCK",
                "network_entity_id": "ocid1.internetgateway.oc1.eu-frankfurt-1.aaaaaaaajzjqp7xcqbaghi23glstg4owv45ioxye5jaezbib62nqd42fxsma",
                "route_type": ""
              }
            ],
            "state": "AVAILABLE",
            "time_created": "2025-10-22 07:50:52.667 +0000 UTC",
            "timeouts": null,
            "vcn_id": "ocid1.vcn.oc1.eu-frankfurt-1.amaaaaaattkvkkiamcsa6rdgsahz6mkdhmabz6672mwg66mmk2oumctk42ia"
          },
          "sensitive_attributes": [],
          "private": "eyJlMmJmYjczMC1lY2FhLTExZTYtOGY4OC0zNDM2M2JjN2M0YzAiOnsiY3JlYXRlIjoxMjAwMDAwMDAwMDAwLCJkZWxldGUiOjEyMDAwMDAwMDAwMDAsInVwZGF0ZSI6MTIwMDAwMDAwMDAwMH19",
          "dependencies": [
            "oci_core_internet_gateway.igw",
            "oci_core_vcn.mcp"
          ]
        }
      ]
    },
    {
      "mode": "managed",
      "type": "oci_core_subnet",
      "name": "public",
      "provider": "provider[\"registry.terraform.io/oracle/oci\"]",
      "instances": [
        {
          "schema_version": 0,
          "attributes": {
            "availability_domain": null,
            "cidr_block": "10.42.1.0/24",
            "compartment_id": "ocid1.compartment.oc1..aaaaaaaagy3yddkkampnhj3cqm5ar7w2p7tuq5twbojyycvol6wugfav3ckq",
            "defined_tags": {
              "CCA_Basic_Tag.email": "oracleidentitycloudservice/alexandru.birzu@oracle.com",
              "Oracle-Standard.CostCenter": "Specialists",
              "Oracle_Tags.CreatedBy": "oracleidentitycloudservice/alexandru.birzu@oracle.com",
              "Oracle_Tags.CreatedOn": "2025-10-22T07:50:54.528Z"
            },
            "dhcp_options_id": "ocid1.dhcpoptions.oc1.eu-frankfurt-1.aaaaaaaaqufvctk6uvnveqmzdxxnpjtufjjpsp4lsqtp5izuevs4a63ax3oq",
            "display_name": "mcp-oci-public-subnet",
            "dns_label": "mcpsubnet",
            "freeform_tags": {},
            "id": "ocid1.subnet.oc1.eu-frankfurt-1.aaaaaaaa4wqldrvza2x742ctzqrsu5kl2xibbztlezfjivy5b3wx35zmg6kq",
            "ipv6cidr_block": null,
            "ipv6cidr_blocks": [],
            "ipv6virtual_router_ip": null,
            "prohibit_internet_ingress": false,
            "prohibit_public_ip_on_vnic": false,
            "route_table_id": "ocid1.routetable.oc1.eu-frankfurt-1.aaaaaaaanzdrs6chspijqj32precrz43xasmls6z4bcyq3auxon5vbm5modq",
            "security_list_ids": [
              "ocid1.securitylist.oc1.eu-frankfurt-1.aaaaaaaa3iby3cz2zg2cgne47zb6qaqn3qe62vwcm6bwwtdlfq2ie4ls7zza"
            ],
            "state": "AVAILABLE",
            "subnet_domain_name": "mcpsubnet.mcpoci.oraclevcn.com",
            "time_created": "2025-10-22 07:50:54.563 +0000 UTC",
            "timeouts": null,
            "vcn_id": "ocid1.vcn.oc1.eu-frankfurt-1.amaaaaaattkvkkiamcsa6rdgsahz6mkdhmabz6672mwg66mmk2oumctk42ia",
            "virtual_router_ip": "10.42.1.1",
            "virtual_router_mac": "00:00:17:CD:4C:CD"
          },
          "sensitive_attributes": [],
          "private": "eyJlMmJmYjczMC1lY2FhLTExZTYtOGY4OC0zNDM2M2JjN2M0YzAiOnsiY3JlYXRlIjoxMjAwMDAwMDAwMDAwLCJkZWxldGUiOjEyMDAwMDAwMDAwMDAsInVwZGF0ZSI6MTIwMDAwMDAwMDAwMH19",
          "dependencies": [
            "oci_core_internet_gateway.igw",
            "oci_core_route_table.rt",
            "oci_core_vcn.mcp"
          ]
        }
      ]
    },
    {
      "mode": "managed",
      "type": "oci_core_vcn",
      "name": "mcp",
      "provider": "provider[\"registry.terraform.io/oracle/oci\"]",
      "instances": [
        {
          "schema_version": 0,
          "attributes": {
            "byoipv6cidr_blocks": [],
            "byoipv6cidr_details": [],
            "cidr_block": "10.42.0.0/16",
            "cidr_blocks": [
              "10.42.0.0/16"
            ],
            "compartment_id": "ocid1.compartment.oc1..aaaaaaaagy3yddkkampnhj3cqm5ar7w2p7tuq5twbojyycvol6wugfav3ckq",
            "default_dhcp_options_id": "ocid1.dhcpoptions.oc1.eu-frankfurt-1.aaaaaaaaqufvctk6uvnveqmzdxxnpjtufjjpsp4lsqtp5izuevs4a63ax3oq",
            "default_route_table_id": "ocid1.routetable.oc1.eu-frankfurt-1.aaaaaaaao72cxugca4q2hzl5f5kbymkx3rs5wq2xr4uboypdnyddbcj7n25a",
            "default_security_list_id": "ocid1.securitylist.oc1.eu-frankfurt-1.aaaaaaaa3iby3cz2zg2cgne47zb6qaqn3qe62vwcm6bwwtdlfq2ie4ls7zza",
            "defined_tags": {
              "CCA_Basic_Tag.email": "oracleidentitycloudservice/alexandru.birzu@oracle.com",
              "Oracle-Standard.CostCenter": "Specialists",
              "Oracle_Tags.CreatedBy": "oracleidentitycloudservice/alexandru.birzu@oracle.com",
              "Oracle_Tags.CreatedOn": "2025-10-22T07:50:51.483Z"
            },
            "display_name": "mcp-oci-vcn",
            "dns_label": "mcpoci",
            "freeform_tags": {},
            "id": "ocid1.vcn.oc1.eu-frankfurt-1.amaaaaaattkvkkiamcsa6rdgsahz6mkdhmabz6672mwg66mmk2oumctk42ia",
            "ipv6cidr_blocks": [],
            "ipv6private_cidr_blocks": [],
            "is_ipv6enabled": false,
            "is_oracle_gua_allocation_enabled": null,
            "security_attributes": {},
            "state": "AVAILABLE",
            "time_created": "2025-10-22 07:50:51.567 +0000 UTC",
            "timeouts": null,
            "vcn_domain_name": "mcpoci.oraclevcn.com"
          },
          "sensitive_attributes": [],
          "private": "eyJlMmJmYjczMC1lY2FhLTExZTYtOGY4OC0zNDM2M2JjN2M0YzAiOnsiY3JlYXRlIjoxMjAwMDAwMDAwMDAwLCJkZWxldGUiOjEyMDAwMDAwMDAwMDAsInVwZGF0ZSI6MTIwMDAwMDAwMDAwMH19"
        }
      ]
    }
  ],
  "check_results": [
    {
      "object_kind": "var",
      "config_addr": "var.tenancy_ocid",
      "status": "pass",
      "objects": [
        {
          "object_addr": "var.tenancy_ocid",
          "status": "pass"
        }
      ]
    },
    {
      "object_kind": "var",
      "config_addr": "var.region",
      "status": "pass",
      "objects": [
        {
          "object_addr": "var.region",
          "status": "pass"
        }
      ]
    },
    {
      "object_kind": "var",
      "config_addr": "var.authorized_source_cidr",
      "status": "pass",
      "objects": [
        {
          "object_addr": "var.authorized_source_cidr",
          "status": "pass"
        }
      ]
    },
    {
      "object_kind": "var",
      "config_addr": "var.compartment_ocid",
      "status": "pass",
      "objects": [
        {
          "object_addr": "var.compartment_ocid",
          "status": "pass"
        }
      ]
    },
    {
      "object_kind": "var",
      "config_addr": "var.ssh_public_key",
      "status": "pass",
      "objects": [
        {
          "object_addr": "var.ssh_public_key",
          "status": "pass"
        }
      ]
    }
  ]
}
